// !$*UTF8*$!
{
	archiveVersion = 1;
	classes = {
	};
	objectVersion = 50;
	objects = {

/* Begin PBXBuildFile section */
		E054A06463E128B5D39D0700 /* Pods_FujiFilm.framework in Frameworks */ = {isa = PBXBuildFile; fileRef = 4331B429E0D452ACAD1E20FA /* Pods_FujiFilm.framework */; };
		F2B1F73B222284B500CBEA40 /* AppDelegate.swift in Sources */ = {isa = PBXBuildFile; fileRef = F2B1F73A222284B500CBEA40 /* AppDelegate.swift */; };
		F2B1F73D222284B500CBEA40 /* ViewController.swift in Sources */ = {isa = PBXBuildFile; fileRef = F2B1F73C222284B500CBEA40 /* ViewController.swift */; };
		F2B1F740222284B500CBEA40 /* Main.storyboard in Resources */ = {isa = PBXBuildFile; fileRef = F2B1F73E222284B500CBEA40 /* Main.storyboard */; };
		F2B1F742222284B700CBEA40 /* Assets.xcassets in Resources */ = {isa = PBXBuildFile; fileRef = F2B1F741222284B700CBEA40 /* Assets.xcassets */; };
		F2B1F745222284B700CBEA40 /* LaunchScreen.storyboard in Resources */ = {isa = PBXBuildFile; fileRef = F2B1F743222284B700CBEA40 /* LaunchScreen.storyboard */; };
		F2B1F76F222285D200CBEA40 /* NSObject+Extension.swift in Sources */ = {isa = PBXBuildFile; fileRef = F2B1F74E222285D200CBEA40 /* NSObject+Extension.swift */; };
		F2B1F770222285D200CBEA40 /* String+Extension.swift in Sources */ = {isa = PBXBuildFile; fileRef = F2B1F74F222285D200CBEA40 /* String+Extension.swift */; };
		F2B1F771222285D200CBEA40 /* UserDefaults+Extension.swift in Sources */ = {isa = PBXBuildFile; fileRef = F2B1F750222285D200CBEA40 /* UserDefaults+Extension.swift */; };
		F2B1F772222285D200CBEA40 /* UIApplication+Extension.swift in Sources */ = {isa = PBXBuildFile; fileRef = F2B1F752222285D200CBEA40 /* UIApplication+Extension.swift */; };
		F2B1F773222285D200CBEA40 /* UIImageView+Extension.swift in Sources */ = {isa = PBXBuildFile; fileRef = F2B1F753222285D200CBEA40 /* UIImageView+Extension.swift */; };
		F2B1F774222285D200CBEA40 /* UIFont+Extension.swift in Sources */ = {isa = PBXBuildFile; fileRef = F2B1F754222285D200CBEA40 /* UIFont+Extension.swift */; };
		F2B1F775222285D200CBEA40 /* UIColor+Extension.swift in Sources */ = {isa = PBXBuildFile; fileRef = F2B1F755222285D200CBEA40 /* UIColor+Extension.swift */; };
		F2B1F776222285D200CBEA40 /* UILabel+Extension.swift in Sources */ = {isa = PBXBuildFile; fileRef = F2B1F756222285D200CBEA40 /* UILabel+Extension.swift */; };
		F2B1F777222285D200CBEA40 /* UIButton+Extension.swift in Sources */ = {isa = PBXBuildFile; fileRef = F2B1F757222285D200CBEA40 /* UIButton+Extension.swift */; };
		F2B1F778222285D200CBEA40 /* UIView+Extension.swift in Sources */ = {isa = PBXBuildFile; fileRef = F2B1F758222285D200CBEA40 /* UIView+Extension.swift */; };
		F2B1F779222285D200CBEA40 /* UIViewController+Extension.swift in Sources */ = {isa = PBXBuildFile; fileRef = F2B1F759222285D200CBEA40 /* UIViewController+Extension.swift */; };
		F2B1F77A222285D200CBEA40 /* UISegmentedControl+Extension.swift in Sources */ = {isa = PBXBuildFile; fileRef = F2B1F75A222285D200CBEA40 /* UISegmentedControl+Extension.swift */; };
		F2B1F77B222285D200CBEA40 /* UICollectionView+Extension.swift in Sources */ = {isa = PBXBuildFile; fileRef = F2B1F75B222285D200CBEA40 /* UICollectionView+Extension.swift */; };
		F2B1F77C222285D200CBEA40 /* UITextView+Extension.swift in Sources */ = {isa = PBXBuildFile; fileRef = F2B1F75C222285D200CBEA40 /* UITextView+Extension.swift */; };
		F2B1F77D222285D200CBEA40 /* UIScrollView+Content.swift in Sources */ = {isa = PBXBuildFile; fileRef = F2B1F75D222285D200CBEA40 /* UIScrollView+Content.swift */; };
		F2B1F77E222285D200CBEA40 /* UITextField+Extension.swift in Sources */ = {isa = PBXBuildFile; fileRef = F2B1F75E222285D200CBEA40 /* UITextField+Extension.swift */; };
		F2B1F77F222285D200CBEA40 /* UITableView+Extension.swift in Sources */ = {isa = PBXBuildFile; fileRef = F2B1F75F222285D200CBEA40 /* UITableView+Extension.swift */; };
		F2B1F780222285D200CBEA40 /* FujiFilmTableView.swift in Sources */ = {isa = PBXBuildFile; fileRef = F2B1F761222285D200CBEA40 /* FujiFilmTableView.swift */; };
		F2B1F781222285D200CBEA40 /* FujiFilmTextField.swift in Sources */ = {isa = PBXBuildFile; fileRef = F2B1F762222285D200CBEA40 /* FujiFilmTextField.swift */; };
		F2B1F782222285D200CBEA40 /* FujiFilmSegmentedControl.swift in Sources */ = {isa = PBXBuildFile; fileRef = F2B1F763222285D200CBEA40 /* FujiFilmSegmentedControl.swift */; };
		F2B1F783222285D200CBEA40 /* FujiFilmImageView.swift in Sources */ = {isa = PBXBuildFile; fileRef = F2B1F764222285D200CBEA40 /* FujiFilmImageView.swift */; };
		F2B1F784222285D200CBEA40 /* FujiFilmTabBarItem.swift in Sources */ = {isa = PBXBuildFile; fileRef = F2B1F765222285D200CBEA40 /* FujiFilmTabBarItem.swift */; };
		F2B1F785222285D200CBEA40 /* FujiFilmTextView.swift in Sources */ = {isa = PBXBuildFile; fileRef = F2B1F766222285D200CBEA40 /* FujiFilmTextView.swift */; };
		F2B1F786222285D200CBEA40 /* FujiFilmViewController.swift in Sources */ = {isa = PBXBuildFile; fileRef = F2B1F767222285D200CBEA40 /* FujiFilmViewController.swift */; };
		F2B1F787222285D200CBEA40 /* FujiFilmButton.swift in Sources */ = {isa = PBXBuildFile; fileRef = F2B1F768222285D200CBEA40 /* FujiFilmButton.swift */; };
		F2B1F788222285D200CBEA40 /* FujiFilmCollectionView.swift in Sources */ = {isa = PBXBuildFile; fileRef = F2B1F769222285D200CBEA40 /* FujiFilmCollectionView.swift */; };
		F2B1F789222285D200CBEA40 /* FujiFilmNavigationBar.swift in Sources */ = {isa = PBXBuildFile; fileRef = F2B1F76A222285D200CBEA40 /* FujiFilmNavigationBar.swift */; };
		F2B1F78A222285D200CBEA40 /* FujiFilmLabel.swift in Sources */ = {isa = PBXBuildFile; fileRef = F2B1F76B222285D200CBEA40 /* FujiFilmLabel.swift */; };
		F2B1F78B222285D200CBEA40 /* FujiFilmTabController.swift in Sources */ = {isa = PBXBuildFile; fileRef = F2B1F76C222285D200CBEA40 /* FujiFilmTabController.swift */; };
		F2B1F78C222285D200CBEA40 /* FujiFilmSwitch.swift in Sources */ = {isa = PBXBuildFile; fileRef = F2B1F76D222285D200CBEA40 /* FujiFilmSwitch.swift */; };
		F2B1F78D222285D200CBEA40 /* FujiFilmShadowView.swift in Sources */ = {isa = PBXBuildFile; fileRef = F2B1F76E222285D200CBEA40 /* FujiFilmShadowView.swift */; };
		F2B1F79E2222866800CBEA40 /* CustomFontStyle.swift in Sources */ = {isa = PBXBuildFile; fileRef = F2B1F78F2222866800CBEA40 /* CustomFontStyle.swift */; };
		F2B1F7A32222866800CBEA40 /* StoryboardNames.swift in Sources */ = {isa = PBXBuildFile; fileRef = F2B1F7942222866800CBEA40 /* StoryboardNames.swift */; };
		F2B1F7A42222866800CBEA40 /* CellXibs.swift in Sources */ = {isa = PBXBuildFile; fileRef = F2B1F7952222866800CBEA40 /* CellXibs.swift */; };
		F2B1F7AC2222866800CBEA40 /* HTMLs.swift in Sources */ = {isa = PBXBuildFile; fileRef = F2B1F79D2222866800CBEA40 /* HTMLs.swift */; };
		F2B1F7AE222288EE00CBEA40 /* GeneralConstant.swift in Sources */ = {isa = PBXBuildFile; fileRef = F2B1F7AD222288EE00CBEA40 /* GeneralConstant.swift */; };
/* End PBXBuildFile section */

/* Begin PBXFileReference section */
		4331B429E0D452ACAD1E20FA /* Pods_FujiFilm.framework */ = {isa = PBXFileReference; explicitFileType = wrapper.framework; includeInIndex = 0; path = Pods_FujiFilm.framework; sourceTree = BUILT_PRODUCTS_DIR; };
		B9AC35523AD33718DC5ED1ED /* Pods-FujiFilm.debug.xcconfig */ = {isa = PBXFileReference; includeInIndex = 1; lastKnownFileType = text.xcconfig; name = "Pods-FujiFilm.debug.xcconfig"; path = "Pods/Target Support Files/Pods-FujiFilm/Pods-FujiFilm.debug.xcconfig"; sourceTree = "<group>"; };
		BE451DCF4657DD3DFFE8386D /* Pods-FujiFilm.release.xcconfig */ = {isa = PBXFileReference; includeInIndex = 1; lastKnownFileType = text.xcconfig; name = "Pods-FujiFilm.release.xcconfig"; path = "Pods/Target Support Files/Pods-FujiFilm/Pods-FujiFilm.release.xcconfig"; sourceTree = "<group>"; };
		F2B1F737222284B500CBEA40 /* FujiFilm.app */ = {isa = PBXFileReference; explicitFileType = wrapper.application; includeInIndex = 0; path = FujiFilm.app; sourceTree = BUILT_PRODUCTS_DIR; };
		F2B1F73A222284B500CBEA40 /* AppDelegate.swift */ = {isa = PBXFileReference; lastKnownFileType = sourcecode.swift; path = AppDelegate.swift; sourceTree = "<group>"; };
		F2B1F73C222284B500CBEA40 /* ViewController.swift */ = {isa = PBXFileReference; lastKnownFileType = sourcecode.swift; path = ViewController.swift; sourceTree = "<group>"; };
		F2B1F73F222284B500CBEA40 /* Base */ = {isa = PBXFileReference; lastKnownFileType = file.storyboard; name = Base; path = Base.lproj/Main.storyboard; sourceTree = "<group>"; };
		F2B1F741222284B700CBEA40 /* Assets.xcassets */ = {isa = PBXFileReference; lastKnownFileType = folder.assetcatalog; path = Assets.xcassets; sourceTree = "<group>"; };
		F2B1F744222284B700CBEA40 /* Base */ = {isa = PBXFileReference; lastKnownFileType = file.storyboard; name = Base; path = Base.lproj/LaunchScreen.storyboard; sourceTree = "<group>"; };
		F2B1F746222284B700CBEA40 /* Info.plist */ = {isa = PBXFileReference; lastKnownFileType = text.plist.xml; path = Info.plist; sourceTree = "<group>"; };
		F2B1F74E222285D200CBEA40 /* NSObject+Extension.swift */ = {isa = PBXFileReference; fileEncoding = 4; lastKnownFileType = sourcecode.swift; path = "NSObject+Extension.swift"; sourceTree = "<group>"; };
		F2B1F74F222285D200CBEA40 /* String+Extension.swift */ = {isa = PBXFileReference; fileEncoding = 4; lastKnownFileType = sourcecode.swift; path = "String+Extension.swift"; sourceTree = "<group>"; };
		F2B1F750222285D200CBEA40 /* UserDefaults+Extension.swift */ = {isa = PBXFileReference; fileEncoding = 4; lastKnownFileType = sourcecode.swift; path = "UserDefaults+Extension.swift"; sourceTree = "<group>"; };
		F2B1F752222285D200CBEA40 /* UIApplication+Extension.swift */ = {isa = PBXFileReference; fileEncoding = 4; lastKnownFileType = sourcecode.swift; path = "UIApplication+Extension.swift"; sourceTree = "<group>"; };
		F2B1F753222285D200CBEA40 /* UIImageView+Extension.swift */ = {isa = PBXFileReference; fileEncoding = 4; lastKnownFileType = sourcecode.swift; path = "UIImageView+Extension.swift"; sourceTree = "<group>"; };
		F2B1F754222285D200CBEA40 /* UIFont+Extension.swift */ = {isa = PBXFileReference; fileEncoding = 4; lastKnownFileType = sourcecode.swift; path = "UIFont+Extension.swift"; sourceTree = "<group>"; };
		F2B1F755222285D200CBEA40 /* UIColor+Extension.swift */ = {isa = PBXFileReference; fileEncoding = 4; lastKnownFileType = sourcecode.swift; path = "UIColor+Extension.swift"; sourceTree = "<group>"; };
		F2B1F756222285D200CBEA40 /* UILabel+Extension.swift */ = {isa = PBXFileReference; fileEncoding = 4; lastKnownFileType = sourcecode.swift; path = "UILabel+Extension.swift"; sourceTree = "<group>"; };
		F2B1F757222285D200CBEA40 /* UIButton+Extension.swift */ = {isa = PBXFileReference; fileEncoding = 4; lastKnownFileType = sourcecode.swift; path = "UIButton+Extension.swift"; sourceTree = "<group>"; };
		F2B1F758222285D200CBEA40 /* UIView+Extension.swift */ = {isa = PBXFileReference; fileEncoding = 4; lastKnownFileType = sourcecode.swift; path = "UIView+Extension.swift"; sourceTree = "<group>"; };
		F2B1F759222285D200CBEA40 /* UIViewController+Extension.swift */ = {isa = PBXFileReference; fileEncoding = 4; lastKnownFileType = sourcecode.swift; path = "UIViewController+Extension.swift"; sourceTree = "<group>"; };
		F2B1F75A222285D200CBEA40 /* UISegmentedControl+Extension.swift */ = {isa = PBXFileReference; fileEncoding = 4; lastKnownFileType = sourcecode.swift; path = "UISegmentedControl+Extension.swift"; sourceTree = "<group>"; };
		F2B1F75B222285D200CBEA40 /* UICollectionView+Extension.swift */ = {isa = PBXFileReference; fileEncoding = 4; lastKnownFileType = sourcecode.swift; path = "UICollectionView+Extension.swift"; sourceTree = "<group>"; };
		F2B1F75C222285D200CBEA40 /* UITextView+Extension.swift */ = {isa = PBXFileReference; fileEncoding = 4; lastKnownFileType = sourcecode.swift; path = "UITextView+Extension.swift"; sourceTree = "<group>"; };
		F2B1F75D222285D200CBEA40 /* UIScrollView+Content.swift */ = {isa = PBXFileReference; fileEncoding = 4; lastKnownFileType = sourcecode.swift; path = "UIScrollView+Content.swift"; sourceTree = "<group>"; };
		F2B1F75E222285D200CBEA40 /* UITextField+Extension.swift */ = {isa = PBXFileReference; fileEncoding = 4; lastKnownFileType = sourcecode.swift; path = "UITextField+Extension.swift"; sourceTree = "<group>"; };
		F2B1F75F222285D200CBEA40 /* UITableView+Extension.swift */ = {isa = PBXFileReference; fileEncoding = 4; lastKnownFileType = sourcecode.swift; path = "UITableView+Extension.swift"; sourceTree = "<group>"; };
		F2B1F761222285D200CBEA40 /* FujiFilmTableView.swift */ = {isa = PBXFileReference; fileEncoding = 4; lastKnownFileType = sourcecode.swift; path = FujiFilmTableView.swift; sourceTree = "<group>"; };
		F2B1F762222285D200CBEA40 /* FujiFilmTextField.swift */ = {isa = PBXFileReference; fileEncoding = 4; lastKnownFileType = sourcecode.swift; path = FujiFilmTextField.swift; sourceTree = "<group>"; };
		F2B1F763222285D200CBEA40 /* FujiFilmSegmentedControl.swift */ = {isa = PBXFileReference; fileEncoding = 4; lastKnownFileType = sourcecode.swift; path = FujiFilmSegmentedControl.swift; sourceTree = "<group>"; };
		F2B1F764222285D200CBEA40 /* FujiFilmImageView.swift */ = {isa = PBXFileReference; fileEncoding = 4; lastKnownFileType = sourcecode.swift; path = FujiFilmImageView.swift; sourceTree = "<group>"; };
		F2B1F765222285D200CBEA40 /* FujiFilmTabBarItem.swift */ = {isa = PBXFileReference; fileEncoding = 4; lastKnownFileType = sourcecode.swift; path = FujiFilmTabBarItem.swift; sourceTree = "<group>"; };
		F2B1F766222285D200CBEA40 /* FujiFilmTextView.swift */ = {isa = PBXFileReference; fileEncoding = 4; lastKnownFileType = sourcecode.swift; path = FujiFilmTextView.swift; sourceTree = "<group>"; };
		F2B1F767222285D200CBEA40 /* FujiFilmViewController.swift */ = {isa = PBXFileReference; fileEncoding = 4; lastKnownFileType = sourcecode.swift; path = FujiFilmViewController.swift; sourceTree = "<group>"; };
		F2B1F768222285D200CBEA40 /* FujiFilmButton.swift */ = {isa = PBXFileReference; fileEncoding = 4; lastKnownFileType = sourcecode.swift; path = FujiFilmButton.swift; sourceTree = "<group>"; };
		F2B1F769222285D200CBEA40 /* FujiFilmCollectionView.swift */ = {isa = PBXFileReference; fileEncoding = 4; lastKnownFileType = sourcecode.swift; path = FujiFilmCollectionView.swift; sourceTree = "<group>"; };
		F2B1F76A222285D200CBEA40 /* FujiFilmNavigationBar.swift */ = {isa = PBXFileReference; fileEncoding = 4; lastKnownFileType = sourcecode.swift; path = FujiFilmNavigationBar.swift; sourceTree = "<group>"; };
		F2B1F76B222285D200CBEA40 /* FujiFilmLabel.swift */ = {isa = PBXFileReference; fileEncoding = 4; lastKnownFileType = sourcecode.swift; path = FujiFilmLabel.swift; sourceTree = "<group>"; };
		F2B1F76C222285D200CBEA40 /* FujiFilmTabController.swift */ = {isa = PBXFileReference; fileEncoding = 4; lastKnownFileType = sourcecode.swift; path = FujiFilmTabController.swift; sourceTree = "<group>"; };
		F2B1F76D222285D200CBEA40 /* FujiFilmSwitch.swift */ = {isa = PBXFileReference; fileEncoding = 4; lastKnownFileType = sourcecode.swift; path = FujiFilmSwitch.swift; sourceTree = "<group>"; };
		F2B1F76E222285D200CBEA40 /* FujiFilmShadowView.swift */ = {isa = PBXFileReference; fileEncoding = 4; lastKnownFileType = sourcecode.swift; path = FujiFilmShadowView.swift; sourceTree = "<group>"; };
		F2B1F78F2222866800CBEA40 /* CustomFontStyle.swift */ = {isa = PBXFileReference; fileEncoding = 4; lastKnownFileType = sourcecode.swift; path = CustomFontStyle.swift; sourceTree = "<group>"; };
		F2B1F7942222866800CBEA40 /* StoryboardNames.swift */ = {isa = PBXFileReference; fileEncoding = 4; lastKnownFileType = sourcecode.swift; path = StoryboardNames.swift; sourceTree = "<group>"; };
		F2B1F7952222866800CBEA40 /* CellXibs.swift */ = {isa = PBXFileReference; fileEncoding = 4; lastKnownFileType = sourcecode.swift; path = CellXibs.swift; sourceTree = "<group>"; };
		F2B1F79D2222866800CBEA40 /* HTMLs.swift */ = {isa = PBXFileReference; fileEncoding = 4; lastKnownFileType = sourcecode.swift; path = HTMLs.swift; sourceTree = "<group>"; };
		F2B1F7AD222288EE00CBEA40 /* GeneralConstant.swift */ = {isa = PBXFileReference; lastKnownFileType = sourcecode.swift; path = GeneralConstant.swift; sourceTree = "<group>"; };
/* End PBXFileReference section */

/* Begin PBXFrameworksBuildPhase section */
		F2B1F734222284B500CBEA40 /* Frameworks */ = {
			isa = PBXFrameworksBuildPhase;
			buildActionMask = 2147483647;
			files = (
				E054A06463E128B5D39D0700 /* Pods_FujiFilm.framework in Frameworks */,
			);
			runOnlyForDeploymentPostprocessing = 0;
		};
/* End PBXFrameworksBuildPhase section */

/* Begin PBXGroup section */
		B3E84245E9E1AC4D5180D3EA /* Pods */ = {
			isa = PBXGroup;
			children = (
				B9AC35523AD33718DC5ED1ED /* Pods-FujiFilm.debug.xcconfig */,
				BE451DCF4657DD3DFFE8386D /* Pods-FujiFilm.release.xcconfig */,
			);
			name = Pods;
			sourceTree = "<group>";
		};
		D344D437ED24927D6B15E64A /* Frameworks */ = {
			isa = PBXGroup;
			children = (
				4331B429E0D452ACAD1E20FA /* Pods_FujiFilm.framework */,
			);
			name = Frameworks;
			sourceTree = "<group>";
		};
		F2B1F72E222284B500CBEA40 = {
			isa = PBXGroup;
			children = (
				F2B1F739222284B500CBEA40 /* FujiFilm */,
				F2B1F738222284B500CBEA40 /* Products */,
				B3E84245E9E1AC4D5180D3EA /* Pods */,
				D344D437ED24927D6B15E64A /* Frameworks */,
			);
			sourceTree = "<group>";
		};
		F2B1F738222284B500CBEA40 /* Products */ = {
			isa = PBXGroup;
			children = (
				F2B1F737222284B500CBEA40 /* FujiFilm.app */,
			);
			name = Products;
			sourceTree = "<group>";
		};
		F2B1F739222284B500CBEA40 /* FujiFilm */ = {
			isa = PBXGroup;
			children = (
				F2B1F78E2222866800CBEA40 /* Enums */,
				F2B1F74C222285D200CBEA40 /* Extensions */,
				F2B1F760222285D200CBEA40 /* UIKitSubclasses */,
				F2B1F73A222284B500CBEA40 /* AppDelegate.swift */,
				F2B1F73C222284B500CBEA40 /* ViewController.swift */,
				F2B1F73E222284B500CBEA40 /* Main.storyboard */,
				F2B1F741222284B700CBEA40 /* Assets.xcassets */,
				F2B1F743222284B700CBEA40 /* LaunchScreen.storyboard */,
				F2B1F746222284B700CBEA40 /* Info.plist */,
				F2B1F7AD222288EE00CBEA40 /* GeneralConstant.swift */,
			);
			path = FujiFilm;
			sourceTree = "<group>";
		};
		F2B1F74C222285D200CBEA40 /* Extensions */ = {
			isa = PBXGroup;
			children = (
				F2B1F74D222285D200CBEA40 /* FoundationTypes */,
				F2B1F751222285D200CBEA40 /* UIKit */,
			);
			path = Extensions;
			sourceTree = "<group>";
		};
		F2B1F74D222285D200CBEA40 /* FoundationTypes */ = {
			isa = PBXGroup;
			children = (
				F2B1F74E222285D200CBEA40 /* NSObject+Extension.swift */,
				F2B1F74F222285D200CBEA40 /* String+Extension.swift */,
				F2B1F750222285D200CBEA40 /* UserDefaults+Extension.swift */,
			);
			path = FoundationTypes;
			sourceTree = "<group>";
		};
		F2B1F751222285D200CBEA40 /* UIKit */ = {
			isa = PBXGroup;
			children = (
				F2B1F752222285D200CBEA40 /* UIApplication+Extension.swift */,
				F2B1F753222285D200CBEA40 /* UIImageView+Extension.swift */,
				F2B1F754222285D200CBEA40 /* UIFont+Extension.swift */,
				F2B1F755222285D200CBEA40 /* UIColor+Extension.swift */,
				F2B1F756222285D200CBEA40 /* UILabel+Extension.swift */,
				F2B1F757222285D200CBEA40 /* UIButton+Extension.swift */,
				F2B1F758222285D200CBEA40 /* UIView+Extension.swift */,
				F2B1F759222285D200CBEA40 /* UIViewController+Extension.swift */,
				F2B1F75A222285D200CBEA40 /* UISegmentedControl+Extension.swift */,
				F2B1F75B222285D200CBEA40 /* UICollectionView+Extension.swift */,
				F2B1F75C222285D200CBEA40 /* UITextView+Extension.swift */,
				F2B1F75D222285D200CBEA40 /* UIScrollView+Content.swift */,
				F2B1F75E222285D200CBEA40 /* UITextField+Extension.swift */,
				F2B1F75F222285D200CBEA40 /* UITableView+Extension.swift */,
			);
			path = UIKit;
			sourceTree = "<group>";
		};
		F2B1F760222285D200CBEA40 /* UIKitSubclasses */ = {
			isa = PBXGroup;
			children = (
				F2B1F761222285D200CBEA40 /* FujiFilmTableView.swift */,
				F2B1F762222285D200CBEA40 /* FujiFilmTextField.swift */,
				F2B1F763222285D200CBEA40 /* FujiFilmSegmentedControl.swift */,
				F2B1F764222285D200CBEA40 /* FujiFilmImageView.swift */,
				F2B1F765222285D200CBEA40 /* FujiFilmTabBarItem.swift */,
				F2B1F766222285D200CBEA40 /* FujiFilmTextView.swift */,
				F2B1F767222285D200CBEA40 /* FujiFilmViewController.swift */,
				F2B1F768222285D200CBEA40 /* FujiFilmButton.swift */,
				F2B1F769222285D200CBEA40 /* FujiFilmCollectionView.swift */,
				F2B1F76A222285D200CBEA40 /* FujiFilmNavigationBar.swift */,
				F2B1F76B222285D200CBEA40 /* FujiFilmLabel.swift */,
				F2B1F76C222285D200CBEA40 /* FujiFilmTabController.swift */,
				F2B1F76D222285D200CBEA40 /* FujiFilmSwitch.swift */,
				F2B1F76E222285D200CBEA40 /* FujiFilmShadowView.swift */,
			);
			path = UIKitSubclasses;
			sourceTree = "<group>";
		};
		F2B1F78E2222866800CBEA40 /* Enums */ = {
			isa = PBXGroup;
			children = (
				F2B1F78F2222866800CBEA40 /* CustomFontStyle.swift */,
				F2B1F7942222866800CBEA40 /* StoryboardNames.swift */,
				F2B1F7952222866800CBEA40 /* CellXibs.swift */,
				F2B1F79D2222866800CBEA40 /* HTMLs.swift */,
			);
			path = Enums;
			sourceTree = "<group>";
		};
/* End PBXGroup section */

/* Begin PBXNativeTarget section */
		F2B1F736222284B500CBEA40 /* FujiFilm */ = {
			isa = PBXNativeTarget;
			buildConfigurationList = F2B1F749222284B700CBEA40 /* Build configuration list for PBXNativeTarget "FujiFilm" */;
			buildPhases = (
				21C7C5D435AD6915FBF66038 /* [CP] Check Pods Manifest.lock */,
				F2B1F733222284B500CBEA40 /* Sources */,
				F2B1F734222284B500CBEA40 /* Frameworks */,
				F2B1F735222284B500CBEA40 /* Resources */,
				3CD2B341C46659BE814AE04D /* [CP] Embed Pods Frameworks */,
			);
			buildRules = (
			);
			dependencies = (
			);
			name = FujiFilm;
			productName = FujiFilm;
			productReference = F2B1F737222284B500CBEA40 /* FujiFilm.app */;
			productType = "com.apple.product-type.application";
		};
/* End PBXNativeTarget section */

/* Begin PBXProject section */
		F2B1F72F222284B500CBEA40 /* Project object */ = {
			isa = PBXProject;
			attributes = {
				LastSwiftUpdateCheck = 1010;
				LastUpgradeCheck = 1010;
				ORGANIZATIONNAME = "Pawan Sharma";
				TargetAttributes = {
					F2B1F736222284B500CBEA40 = {
						CreatedOnToolsVersion = 10.1;
					};
				};
			};
			buildConfigurationList = F2B1F732222284B500CBEA40 /* Build configuration list for PBXProject "FujiFilm" */;
			compatibilityVersion = "Xcode 9.3";
			developmentRegion = en;
			hasScannedForEncodings = 0;
			knownRegions = (
				en,
				Base,
			);
			mainGroup = F2B1F72E222284B500CBEA40;
			productRefGroup = F2B1F738222284B500CBEA40 /* Products */;
			projectDirPath = "";
			projectRoot = "";
			targets = (
				F2B1F736222284B500CBEA40 /* FujiFilm */,
			);
		};
/* End PBXProject section */

/* Begin PBXResourcesBuildPhase section */
		F2B1F735222284B500CBEA40 /* Resources */ = {
			isa = PBXResourcesBuildPhase;
			buildActionMask = 2147483647;
			files = (
				F2B1F745222284B700CBEA40 /* LaunchScreen.storyboard in Resources */,
				F2B1F742222284B700CBEA40 /* Assets.xcassets in Resources */,
				F2B1F740222284B500CBEA40 /* Main.storyboard in Resources */,
			);
			runOnlyForDeploymentPostprocessing = 0;
		};
/* End PBXResourcesBuildPhase section */

/* Begin PBXShellScriptBuildPhase section */
		21C7C5D435AD6915FBF66038 /* [CP] Check Pods Manifest.lock */ = {
			isa = PBXShellScriptBuildPhase;
			buildActionMask = 2147483647;
			files = (
			);
			inputPaths = (
				"${PODS_PODFILE_DIR_PATH}/Podfile.lock",
				"${PODS_ROOT}/Manifest.lock",
			);
			name = "[CP] Check Pods Manifest.lock";
			outputPaths = (
				"$(DERIVED_FILE_DIR)/Pods-FujiFilm-checkManifestLockResult.txt",
			);
			runOnlyForDeploymentPostprocessing = 0;
			shellPath = /bin/sh;
			shellScript = "diff \"${PODS_PODFILE_DIR_PATH}/Podfile.lock\" \"${PODS_ROOT}/Manifest.lock\" > /dev/null\nif [ $? != 0 ] ; then\n    # print error to STDERR\n    echo \"error: The sandbox is not in sync with the Podfile.lock. Run 'pod install' or update your CocoaPods installation.\" >&2\n    exit 1\nfi\n# This output is used by Xcode 'outputs' to avoid re-running this script phase.\necho \"SUCCESS\" > \"${SCRIPT_OUTPUT_FILE_0}\"\n";
			showEnvVarsInLog = 0;
		};
		3CD2B341C46659BE814AE04D /* [CP] Embed Pods Frameworks */ = {
			isa = PBXShellScriptBuildPhase;
			buildActionMask = 2147483647;
			files = (
			);
			inputPaths = (
				"${SRCROOT}/Pods/Target Support Files/Pods-FujiFilm/Pods-FujiFilm-frameworks.sh",
				"${BUILT_PRODUCTS_DIR}/JGProgressHUD/JGProgressHUD.framework",
				"${BUILT_PRODUCTS_DIR}/QRCodeReader.swift/QRCodeReader.framework",
				"${BUILT_PRODUCTS_DIR}/SDWebImage/SDWebImage.framework",
			);
			name = "[CP] Embed Pods Frameworks";
			outputPaths = (
				"${TARGET_BUILD_DIR}/${FRAMEWORKS_FOLDER_PATH}/JGProgressHUD.framework",
				"${TARGET_BUILD_DIR}/${FRAMEWORKS_FOLDER_PATH}/QRCodeReader.framework",
				"${TARGET_BUILD_DIR}/${FRAMEWORKS_FOLDER_PATH}/SDWebImage.framework",
			);
			runOnlyForDeploymentPostprocessing = 0;
			shellPath = /bin/sh;
			shellScript = "\"${SRCROOT}/Pods/Target Support Files/Pods-FujiFilm/Pods-FujiFilm-frameworks.sh\"\n";
			showEnvVarsInLog = 0;
		};
/* End PBXShellScriptBuildPhase section */

/* Begin PBXSourcesBuildPhase section */
		F2B1F733222284B500CBEA40 /* Sources */ = {
			isa = PBXSourcesBuildPhase;
			buildActionMask = 2147483647;
			files = (
				F2B1F770222285D200CBEA40 /* String+Extension.swift in Sources */,
				F2B1F779222285D200CBEA40 /* UIViewController+Extension.swift in Sources */,
				F2B1F77F222285D200CBEA40 /* UITableView+Extension.swift in Sources */,
				F2B1F7A32222866800CBEA40 /* StoryboardNames.swift in Sources */,
				F2B1F781222285D200CBEA40 /* FujiFilmTextField.swift in Sources */,
				F2B1F786222285D200CBEA40 /* FujiFilmViewController.swift in Sources */,
				F2B1F73D222284B500CBEA40 /* ViewController.swift in Sources */,
				F2B1F78A222285D200CBEA40 /* FujiFilmLabel.swift in Sources */,
				F2B1F776222285D200CBEA40 /* UILabel+Extension.swift in Sources */,
				F2B1F777222285D200CBEA40 /* UIButton+Extension.swift in Sources */,
				F2B1F773222285D200CBEA40 /* UIImageView+Extension.swift in Sources */,
				F2B1F77B222285D200CBEA40 /* UICollectionView+Extension.swift in Sources */,
				F2B1F77A222285D200CBEA40 /* UISegmentedControl+Extension.swift in Sources */,
				F2B1F77D222285D200CBEA40 /* UIScrollView+Content.swift in Sources */,
				F2B1F77E222285D200CBEA40 /* UITextField+Extension.swift in Sources */,
				F2B1F78D222285D200CBEA40 /* FujiFilmShadowView.swift in Sources */,
				F2B1F784222285D200CBEA40 /* FujiFilmTabBarItem.swift in Sources */,
				F2B1F775222285D200CBEA40 /* UIColor+Extension.swift in Sources */,
				F2B1F778222285D200CBEA40 /* UIView+Extension.swift in Sources */,
				F2B1F78B222285D200CBEA40 /* FujiFilmTabController.swift in Sources */,
				F2B1F73B222284B500CBEA40 /* AppDelegate.swift in Sources */,
				F2B1F787222285D200CBEA40 /* FujiFilmButton.swift in Sources */,
				F2B1F77C222285D200CBEA40 /* UITextView+Extension.swift in Sources */,
				F2B1F7AC2222866800CBEA40 /* HTMLs.swift in Sources */,
				F2B1F7AE222288EE00CBEA40 /* GeneralConstant.swift in Sources */,
				F2B1F782222285D200CBEA40 /* FujiFilmSegmentedControl.swift in Sources */,
				F2B1F788222285D200CBEA40 /* FujiFilmCollectionView.swift in Sources */,
				F2B1F78C222285D200CBEA40 /* FujiFilmSwitch.swift in Sources */,
				F2B1F771222285D200CBEA40 /* UserDefaults+Extension.swift in Sources */,
				F2B1F789222285D200CBEA40 /* FujiFilmNavigationBar.swift in Sources */,
				F2B1F772222285D200CBEA40 /* UIApplication+Extension.swift in Sources */,
				F2B1F785222285D200CBEA40 /* FujiFilmTextView.swift in Sources */,
				F2B1F774222285D200CBEA40 /* UIFont+Extension.swift in Sources */,
				F2B1F76F222285D200CBEA40 /* NSObject+Extension.swift in Sources */,
				F2B1F79E2222866800CBEA40 /* CustomFontStyle.swift in Sources */,
				F2B1F780222285D200CBEA40 /* FujiFilmTableView.swift in Sources */,
				F2B1F783222285D200CBEA40 /* FujiFilmImageView.swift in Sources */,
				F2B1F7A42222866800CBEA40 /* CellXibs.swift in Sources */,
			);
			runOnlyForDeploymentPostprocessing = 0;
		};
/* End PBXSourcesBuildPhase section */

/* Begin PBXVariantGroup section */
		F2B1F73E222284B500CBEA40 /* Main.storyboard */ = {
			isa = PBXVariantGroup;
			children = (
				F2B1F73F222284B500CBEA40 /* Base */,
			);
			name = Main.storyboard;
			sourceTree = "<group>";
		};
		F2B1F743222284B700CBEA40 /* LaunchScreen.storyboard */ = {
			isa = PBXVariantGroup;
			children = (
				F2B1F744222284B700CBEA40 /* Base */,
			);
			name = LaunchScreen.storyboard;
			sourceTree = "<group>";
		};
/* End PBXVariantGroup section */

/* Begin XCBuildConfiguration section */
		F2B1F747222284B700CBEA40 /* Debug */ = {
			isa = XCBuildConfiguration;
			buildSettings = {
				ALWAYS_SEARCH_USER_PATHS = NO;
				CLANG_ANALYZER_NONNULL = YES;
				CLANG_ANALYZER_NUMBER_OBJECT_CONVERSION = YES_AGGRESSIVE;
				CLANG_CXX_LANGUAGE_STANDARD = "gnu++14";
				CLANG_CXX_LIBRARY = "libc++";
				CLANG_ENABLE_MODULES = YES;
				CLANG_ENABLE_OBJC_ARC = YES;
				CLANG_ENABLE_OBJC_WEAK = YES;
				CLANG_WARN_BLOCK_CAPTURE_AUTORELEASING = YES;
				CLANG_WARN_BOOL_CONVERSION = YES;
				CLANG_WARN_COMMA = YES;
				CLANG_WARN_CONSTANT_CONVERSION = YES;
				CLANG_WARN_DEPRECATED_OBJC_IMPLEMENTATIONS = YES;
				CLANG_WARN_DIRECT_OBJC_ISA_USAGE = YES_ERROR;
				CLANG_WARN_DOCUMENTATION_COMMENTS = YES;
				CLANG_WARN_EMPTY_BODY = YES;
				CLANG_WARN_ENUM_CONVERSION = YES;
				CLANG_WARN_INFINITE_RECURSION = YES;
				CLANG_WARN_INT_CONVERSION = YES;
				CLANG_WARN_NON_LITERAL_NULL_CONVERSION = YES;
				CLANG_WARN_OBJC_IMPLICIT_RETAIN_SELF = YES;
				CLANG_WARN_OBJC_LITERAL_CONVERSION = YES;
				CLANG_WARN_OBJC_ROOT_CLASS = YES_ERROR;
				CLANG_WARN_RANGE_LOOP_ANALYSIS = YES;
				CLANG_WARN_STRICT_PROTOTYPES = YES;
				CLANG_WARN_SUSPICIOUS_MOVE = YES;
				CLANG_WARN_UNGUARDED_AVAILABILITY = YES_AGGRESSIVE;
				CLANG_WARN_UNREACHABLE_CODE = YES;
				CLANG_WARN__DUPLICATE_METHOD_MATCH = YES;
				CODE_SIGN_IDENTITY = "iPhone Developer";
				COPY_PHASE_STRIP = NO;
				DEBUG_INFORMATION_FORMAT = dwarf;
				ENABLE_STRICT_OBJC_MSGSEND = YES;
				ENABLE_TESTABILITY = YES;
				GCC_C_LANGUAGE_STANDARD = gnu11;
				GCC_DYNAMIC_NO_PIC = NO;
				GCC_NO_COMMON_BLOCKS = YES;
				GCC_OPTIMIZATION_LEVEL = 0;
				GCC_PREPROCESSOR_DEFINITIONS = (
					"DEBUG=1",
					"$(inherited)",
				);
				GCC_WARN_64_TO_32_BIT_CONVERSION = YES;
				GCC_WARN_ABOUT_RETURN_TYPE = YES_ERROR;
				GCC_WARN_UNDECLARED_SELECTOR = YES;
				GCC_WARN_UNINITIALIZED_AUTOS = YES_AGGRESSIVE;
				GCC_WARN_UNUSED_FUNCTION = YES;
				GCC_WARN_UNUSED_VARIABLE = YES;
				IPHONEOS_DEPLOYMENT_TARGET = 12.1;
				MTL_ENABLE_DEBUG_INFO = INCLUDE_SOURCE;
				MTL_FAST_MATH = YES;
				ONLY_ACTIVE_ARCH = YES;
				SDKROOT = iphoneos;
				SWIFT_ACTIVE_COMPILATION_CONDITIONS = DEBUG;
				SWIFT_OPTIMIZATION_LEVEL = "-Onone";
			};
			name = Debug;
		};
		F2B1F748222284B700CBEA40 /* Release */ = {
			isa = XCBuildConfiguration;
			buildSettings = {
				ALWAYS_SEARCH_USER_PATHS = NO;
				CLANG_ANALYZER_NONNULL = YES;
				CLANG_ANALYZER_NUMBER_OBJECT_CONVERSION = YES_AGGRESSIVE;
				CLANG_CXX_LANGUAGE_STANDARD = "gnu++14";
				CLANG_CXX_LIBRARY = "libc++";
				CLANG_ENABLE_MODULES = YES;
				CLANG_ENABLE_OBJC_ARC = YES;
				CLANG_ENABLE_OBJC_WEAK = YES;
				CLANG_WARN_BLOCK_CAPTURE_AUTORELEASING = YES;
				CLANG_WARN_BOOL_CONVERSION = YES;
				CLANG_WARN_COMMA = YES;
				CLANG_WARN_CONSTANT_CONVERSION = YES;
				CLANG_WARN_DEPRECATED_OBJC_IMPLEMENTATIONS = YES;
				CLANG_WARN_DIRECT_OBJC_ISA_USAGE = YES_ERROR;
				CLANG_WARN_DOCUMENTATION_COMMENTS = YES;
				CLANG_WARN_EMPTY_BODY = YES;
				CLANG_WARN_ENUM_CONVERSION = YES;
				CLANG_WARN_INFINITE_RECURSION = YES;
				CLANG_WARN_INT_CONVERSION = YES;
				CLANG_WARN_NON_LITERAL_NULL_CONVERSION = YES;
				CLANG_WARN_OBJC_IMPLICIT_RETAIN_SELF = YES;
				CLANG_WARN_OBJC_LITERAL_CONVERSION = YES;
				CLANG_WARN_OBJC_ROOT_CLASS = YES_ERROR;
				CLANG_WARN_RANGE_LOOP_ANALYSIS = YES;
				CLANG_WARN_STRICT_PROTOTYPES = YES;
				CLANG_WARN_SUSPICIOUS_MOVE = YES;
				CLANG_WARN_UNGUARDED_AVAILABILITY = YES_AGGRESSIVE;
				CLANG_WARN_UNREACHABLE_CODE = YES;
				CLANG_WARN__DUPLICATE_METHOD_MATCH = YES;
				CODE_SIGN_IDENTITY = "iPhone Developer";
				COPY_PHASE_STRIP = NO;
				DEBUG_INFORMATION_FORMAT = "dwarf-with-dsym";
				ENABLE_NS_ASSERTIONS = NO;
				ENABLE_STRICT_OBJC_MSGSEND = YES;
				GCC_C_LANGUAGE_STANDARD = gnu11;
				GCC_NO_COMMON_BLOCKS = YES;
				GCC_WARN_64_TO_32_BIT_CONVERSION = YES;
				GCC_WARN_ABOUT_RETURN_TYPE = YES_ERROR;
				GCC_WARN_UNDECLARED_SELECTOR = YES;
				GCC_WARN_UNINITIALIZED_AUTOS = YES_AGGRESSIVE;
				GCC_WARN_UNUSED_FUNCTION = YES;
				GCC_WARN_UNUSED_VARIABLE = YES;
				IPHONEOS_DEPLOYMENT_TARGET = 12.1;
				MTL_ENABLE_DEBUG_INFO = NO;
				MTL_FAST_MATH = YES;
				SDKROOT = iphoneos;
				SWIFT_COMPILATION_MODE = wholemodule;
				SWIFT_OPTIMIZATION_LEVEL = "-O";
				VALIDATE_PRODUCT = YES;
			};
			name = Release;
		};
		F2B1F74A222284B700CBEA40 /* Debug */ = {
			isa = XCBuildConfiguration;
			baseConfigurationReference = B9AC35523AD33718DC5ED1ED /* Pods-FujiFilm.debug.xcconfig */;
			buildSettings = {
				ASSETCATALOG_COMPILER_APPICON_NAME = AppIcon;
				CODE_SIGN_STYLE = Automatic;
				DEVELOPMENT_TEAM = Z95J8CA4LH;
				INFOPLIST_FILE = FujiFilm/Info.plist;
				IPHONEOS_DEPLOYMENT_TARGET = 10.0;
				LD_RUNPATH_SEARCH_PATHS = (
					"$(inherited)",
					"@executable_path/Frameworks",
				);
				PRODUCT_BUNDLE_IDENTIFIER = "com.fujifilm-xmea.distributor";
				PRODUCT_NAME = "$(TARGET_NAME)";
				SWIFT_VERSION = 4.2;
				TARGETED_DEVICE_FAMILY = "1,2";
			};
			name = Debug;
		};
		F2B1F74B222284B700CBEA40 /* Release */ = {
			isa = XCBuildConfiguration;
			baseConfigurationReference = BE451DCF4657DD3DFFE8386D /* Pods-FujiFilm.release.xcconfig */;
			buildSettings = {
				ASSETCATALOG_COMPILER_APPICON_NAME = AppIcon;
				CODE_SIGN_STYLE = Automatic;
				DEVELOPMENT_TEAM = Z95J8CA4LH;
				INFOPLIST_FILE = FujiFilm/Info.plist;
				IPHONEOS_DEPLOYMENT_TARGET = 10.0;
				LD_RUNPATH_SEARCH_PATHS = (
					"$(inherited)",
					"@executable_path/Frameworks",
				);
				PRODUCT_BUNDLE_IDENTIFIER = "com.fujifilm-xmea.distributor";
				PRODUCT_NAME = "$(TARGET_NAME)";
				SWIFT_VERSION = 4.2;
				TARGETED_DEVICE_FAMILY = "1,2";
			};
			name = Release;
		};
/* End XCBuildConfiguration section */

/* Begin XCConfigurationList section */
		F2B1F732222284B500CBEA40 /* Build configuration list for PBXProject "FujiFilm" */ = {
			isa = XCConfigurationList;
			buildConfigurations = (
				F2B1F747222284B700CBEA40 /* Debug */,
				F2B1F748222284B700CBEA40 /* Release */,
			);
			defaultConfigurationIsVisible = 0;
			defaultConfigurationName = Release;
		};
		F2B1F749222284B700CBEA40 /* Build configuration list for PBXNativeTarget "FujiFilm" */ = {
			isa = XCConfigurationList;
			buildConfigurations = (
				F2B1F74A222284B700CBEA40 /* Debug */,
				F2B1F74B222284B700CBEA40 /* Release */,
			);
			defaultConfigurationIsVisible = 0;
			defaultConfigurationName = Release;
		};
/* End XCConfigurationList section */
	};
	rootObject = F2B1F72F222284B500CBEA40 /* Project object */;
}
