// !$*UTF8*$!
{
	archiveVersion = 1;
	classes = {
	};
	objectVersion = 50;
	objects = {

/* Begin PBXBuildFile section */
		E054A06463E128B5D39D0700 /* Pods_FujiFilm.framework in Frameworks */ = {isa = PBXBuildFile; fileRef = 4331B429E0D452ACAD1E20FA /* Pods_FujiFilm.framework */; };
		F2B1F73B222284B500CBEA40 /* AppDelegate.swift in Sources */ = {isa = PBXBuildFile; fileRef = F2B1F73A222284B500CBEA40 /* AppDelegate.swift */; };
		F2B1F73D222284B500CBEA40 /* LoginViewController.swift in Sources */ = {isa = PBXBuildFile; fileRef = F2B1F73C222284B500CBEA40 /* LoginViewController.swift */; };
		F2B1F740222284B500CBEA40 /* Login.storyboard in Resources */ = {isa = PBXBuildFile; fileRef = F2B1F73E222284B500CBEA40 /* Login.storyboard */; };
		F2B1F742222284B700CBEA40 /* Assets.xcassets in Resources */ = {isa = PBXBuildFile; fileRef = F2B1F741222284B700CBEA40 /* Assets.xcassets */; };
		F2B1F745222284B700CBEA40 /* LaunchScreen.storyboard in Resources */ = {isa = PBXBuildFile; fileRef = F2B1F743222284B700CBEA40 /* LaunchScreen.storyboard */; };
		F2B1F76F222285D200CBEA40 /* NSObject+Extension.swift in Sources */ = {isa = PBXBuildFile; fileRef = F2B1F74E222285D200CBEA40 /* NSObject+Extension.swift */; };
		F2B1F770222285D200CBEA40 /* String+Extension.swift in Sources */ = {isa = PBXBuildFile; fileRef = F2B1F74F222285D200CBEA40 /* String+Extension.swift */; };
		F2B1F771222285D200CBEA40 /* UserDefaults+Extension.swift in Sources */ = {isa = PBXBuildFile; fileRef = F2B1F750222285D200CBEA40 /* UserDefaults+Extension.swift */; };
		F2B1F772222285D200CBEA40 /* UIApplication+Extension.swift in Sources */ = {isa = PBXBuildFile; fileRef = F2B1F752222285D200CBEA40 /* UIApplication+Extension.swift */; };
		F2B1F773222285D200CBEA40 /* UIImageView+Extension.swift in Sources */ = {isa = PBXBuildFile; fileRef = F2B1F753222285D200CBEA40 /* UIImageView+Extension.swift */; };
		F2B1F774222285D200CBEA40 /* UIFont+Extension.swift in Sources */ = {isa = PBXBuildFile; fileRef = F2B1F754222285D200CBEA40 /* UIFont+Extension.swift */; };
		F2B1F775222285D200CBEA40 /* UIColor+Extension.swift in Sources */ = {isa = PBXBuildFile; fileRef = F2B1F755222285D200CBEA40 /* UIColor+Extension.swift */; };
		F2B1F776222285D200CBEA40 /* UILabel+Extension.swift in Sources */ = {isa = PBXBuildFile; fileRef = F2B1F756222285D200CBEA40 /* UILabel+Extension.swift */; };
		F2B1F777222285D200CBEA40 /* UIButton+Extension.swift in Sources */ = {isa = PBXBuildFile; fileRef = F2B1F757222285D200CBEA40 /* UIButton+Extension.swift */; };
		F2B1F778222285D200CBEA40 /* UIView+Extension.swift in Sources */ = {isa = PBXBuildFile; fileRef = F2B1F758222285D200CBEA40 /* UIView+Extension.swift */; };
		F2B1F779222285D200CBEA40 /* UIViewController+Extension.swift in Sources */ = {isa = PBXBuildFile; fileRef = F2B1F759222285D200CBEA40 /* UIViewController+Extension.swift */; };
		F2B1F77A222285D200CBEA40 /* UISegmentedControl+Extension.swift in Sources */ = {isa = PBXBuildFile; fileRef = F2B1F75A222285D200CBEA40 /* UISegmentedControl+Extension.swift */; };
		F2B1F77B222285D200CBEA40 /* UICollectionView+Extension.swift in Sources */ = {isa = PBXBuildFile; fileRef = F2B1F75B222285D200CBEA40 /* UICollectionView+Extension.swift */; };
		F2B1F77C222285D200CBEA40 /* UITextView+Extension.swift in Sources */ = {isa = PBXBuildFile; fileRef = F2B1F75C222285D200CBEA40 /* UITextView+Extension.swift */; };
		F2B1F77D222285D200CBEA40 /* UIScrollView+Content.swift in Sources */ = {isa = PBXBuildFile; fileRef = F2B1F75D222285D200CBEA40 /* UIScrollView+Content.swift */; };
		F2B1F77E222285D200CBEA40 /* UITextField+Extension.swift in Sources */ = {isa = PBXBuildFile; fileRef = F2B1F75E222285D200CBEA40 /* UITextField+Extension.swift */; };
		F2B1F77F222285D200CBEA40 /* UITableView+Extension.swift in Sources */ = {isa = PBXBuildFile; fileRef = F2B1F75F222285D200CBEA40 /* UITableView+Extension.swift */; };
		F2B1F780222285D200CBEA40 /* FujiFilmTableView.swift in Sources */ = {isa = PBXBuildFile; fileRef = F2B1F761222285D200CBEA40 /* FujiFilmTableView.swift */; };
		F2B1F781222285D200CBEA40 /* FujiFilmTextField.swift in Sources */ = {isa = PBXBuildFile; fileRef = F2B1F762222285D200CBEA40 /* FujiFilmTextField.swift */; };
		F2B1F782222285D200CBEA40 /* FujiFilmSegmentedControl.swift in Sources */ = {isa = PBXBuildFile; fileRef = F2B1F763222285D200CBEA40 /* FujiFilmSegmentedControl.swift */; };
		F2B1F783222285D200CBEA40 /* FujiFilmImageView.swift in Sources */ = {isa = PBXBuildFile; fileRef = F2B1F764222285D200CBEA40 /* FujiFilmImageView.swift */; };
		F2B1F784222285D200CBEA40 /* FujiFilmTabBarItem.swift in Sources */ = {isa = PBXBuildFile; fileRef = F2B1F765222285D200CBEA40 /* FujiFilmTabBarItem.swift */; };
		F2B1F785222285D200CBEA40 /* FujiFilmTextView.swift in Sources */ = {isa = PBXBuildFile; fileRef = F2B1F766222285D200CBEA40 /* FujiFilmTextView.swift */; };
		F2B1F786222285D200CBEA40 /* FujiFilmViewController.swift in Sources */ = {isa = PBXBuildFile; fileRef = F2B1F767222285D200CBEA40 /* FujiFilmViewController.swift */; };
		F2B1F787222285D200CBEA40 /* FujiFilmButton.swift in Sources */ = {isa = PBXBuildFile; fileRef = F2B1F768222285D200CBEA40 /* FujiFilmButton.swift */; };
		F2B1F788222285D200CBEA40 /* FujiFilmCollectionView.swift in Sources */ = {isa = PBXBuildFile; fileRef = F2B1F769222285D200CBEA40 /* FujiFilmCollectionView.swift */; };
		F2B1F789222285D200CBEA40 /* FujiFilmNavigationBar.swift in Sources */ = {isa = PBXBuildFile; fileRef = F2B1F76A222285D200CBEA40 /* FujiFilmNavigationBar.swift */; };
		F2B1F78A222285D200CBEA40 /* FujiFilmLabel.swift in Sources */ = {isa = PBXBuildFile; fileRef = F2B1F76B222285D200CBEA40 /* FujiFilmLabel.swift */; };
		F2B1F78B222285D200CBEA40 /* FujiFilmTabController.swift in Sources */ = {isa = PBXBuildFile; fileRef = F2B1F76C222285D200CBEA40 /* FujiFilmTabController.swift */; };
		F2B1F78C222285D200CBEA40 /* FujiFilmSwitch.swift in Sources */ = {isa = PBXBuildFile; fileRef = F2B1F76D222285D200CBEA40 /* FujiFilmSwitch.swift */; };
		F2B1F78D222285D200CBEA40 /* FujiFilmShadowView.swift in Sources */ = {isa = PBXBuildFile; fileRef = F2B1F76E222285D200CBEA40 /* FujiFilmShadowView.swift */; };
		F2B1F79E2222866800CBEA40 /* CustomFontStyle.swift in Sources */ = {isa = PBXBuildFile; fileRef = F2B1F78F2222866800CBEA40 /* CustomFontStyle.swift */; };
		F2B1F7A32222866800CBEA40 /* StoryboardNames.swift in Sources */ = {isa = PBXBuildFile; fileRef = F2B1F7942222866800CBEA40 /* StoryboardNames.swift */; };
		F2B1F7A42222866800CBEA40 /* CellXibs.swift in Sources */ = {isa = PBXBuildFile; fileRef = F2B1F7952222866800CBEA40 /* CellXibs.swift */; };
		F2B1F7AC2222866800CBEA40 /* HTMLs.swift in Sources */ = {isa = PBXBuildFile; fileRef = F2B1F79D2222866800CBEA40 /* HTMLs.swift */; };
		F2B1F7AE222288EE00CBEA40 /* GeneralConstant.swift in Sources */ = {isa = PBXBuildFile; fileRef = F2B1F7AD222288EE00CBEA40 /* GeneralConstant.swift */; };
		F2B1F7C62222996C00CBEA40 /* Raleway-BoldItalic.ttf in Resources */ = {isa = PBXBuildFile; fileRef = F2B1F7B32222996C00CBEA40 /* Raleway-BoldItalic.ttf */; };
		F2B1F7C72222996C00CBEA40 /* Raleway-MediumItalic.ttf in Resources */ = {isa = PBXBuildFile; fileRef = F2B1F7B42222996C00CBEA40 /* Raleway-MediumItalic.ttf */; };
		F2B1F7C82222996C00CBEA40 /* Raleway-ThinItalic.ttf in Resources */ = {isa = PBXBuildFile; fileRef = F2B1F7B52222996C00CBEA40 /* Raleway-ThinItalic.ttf */; };
		F2B1F7C92222996C00CBEA40 /* Raleway-ExtraLight.ttf in Resources */ = {isa = PBXBuildFile; fileRef = F2B1F7B62222996C00CBEA40 /* Raleway-ExtraLight.ttf */; };
		F2B1F7CA2222996C00CBEA40 /* SIL Open Font License.txt in Resources */ = {isa = PBXBuildFile; fileRef = F2B1F7B72222996C00CBEA40 /* SIL Open Font License.txt */; };
		F2B1F7CB2222996C00CBEA40 /* Raleway-Medium.ttf in Resources */ = {isa = PBXBuildFile; fileRef = F2B1F7B82222996C00CBEA40 /* Raleway-Medium.ttf */; };
		F2B1F7CC2222996C00CBEA40 /* Raleway-SemiBold.ttf in Resources */ = {isa = PBXBuildFile; fileRef = F2B1F7B92222996C00CBEA40 /* Raleway-SemiBold.ttf */; };
		F2B1F7CD2222996C00CBEA40 /* Raleway-ExtraBold.ttf in Resources */ = {isa = PBXBuildFile; fileRef = F2B1F7BA2222996C00CBEA40 /* Raleway-ExtraBold.ttf */; };
		F2B1F7CE2222996C00CBEA40 /* Raleway-ExtraBoldItalic.ttf in Resources */ = {isa = PBXBuildFile; fileRef = F2B1F7BB2222996C00CBEA40 /* Raleway-ExtraBoldItalic.ttf */; };
		F2B1F7CF2222996C00CBEA40 /* Raleway-Regular.ttf in Resources */ = {isa = PBXBuildFile; fileRef = F2B1F7BC2222996C00CBEA40 /* Raleway-Regular.ttf */; };
		F2B1F7D02222996C00CBEA40 /* Raleway-ExtraLightItalic.ttf in Resources */ = {isa = PBXBuildFile; fileRef = F2B1F7BD2222996C00CBEA40 /* Raleway-ExtraLightItalic.ttf */; };
		F2B1F7D12222996C00CBEA40 /* Raleway-SemiBoldItalic.ttf in Resources */ = {isa = PBXBuildFile; fileRef = F2B1F7BE2222996C00CBEA40 /* Raleway-SemiBoldItalic.ttf */; };
		F2B1F7D22222996C00CBEA40 /* Raleway-Light.ttf in Resources */ = {isa = PBXBuildFile; fileRef = F2B1F7BF2222996C00CBEA40 /* Raleway-Light.ttf */; };
		F2B1F7D32222996C00CBEA40 /* Raleway-Black.ttf in Resources */ = {isa = PBXBuildFile; fileRef = F2B1F7C02222996C00CBEA40 /* Raleway-Black.ttf */; };
		F2B1F7D42222996C00CBEA40 /* Raleway-BlackItalic.ttf in Resources */ = {isa = PBXBuildFile; fileRef = F2B1F7C12222996C00CBEA40 /* Raleway-BlackItalic.ttf */; };
		F2B1F7D52222996C00CBEA40 /* Raleway-LightItalic.ttf in Resources */ = {isa = PBXBuildFile; fileRef = F2B1F7C22222996C00CBEA40 /* Raleway-LightItalic.ttf */; };
		F2B1F7D62222996C00CBEA40 /* Raleway-Thin.ttf in Resources */ = {isa = PBXBuildFile; fileRef = F2B1F7C32222996C00CBEA40 /* Raleway-Thin.ttf */; };
		F2B1F7D72222996C00CBEA40 /* Raleway-Italic.ttf in Resources */ = {isa = PBXBuildFile; fileRef = F2B1F7C42222996C00CBEA40 /* Raleway-Italic.ttf */; };
		F2B1F7D82222996C00CBEA40 /* Raleway-Bold.ttf in Resources */ = {isa = PBXBuildFile; fileRef = F2B1F7C52222996C00CBEA40 /* Raleway-Bold.ttf */; };
		F2B1F7DD2222A5DE00CBEA40 /* ForgotPassword.storyboard in Resources */ = {isa = PBXBuildFile; fileRef = F2B1F7DB2222A5DE00CBEA40 /* ForgotPassword.storyboard */; };
		F2B1F7DF2222A5EB00CBEA40 /* ForgotPasswordViewController.swift in Sources */ = {isa = PBXBuildFile; fileRef = F2B1F7DE2222A5EB00CBEA40 /* ForgotPasswordViewController.swift */; };
		F2B1F7E52222E62B00CBEA40 /* LeftMenu.storyboard in Resources */ = {isa = PBXBuildFile; fileRef = F2B1F7E32222E62B00CBEA40 /* LeftMenu.storyboard */; };
		F2B1F7E72222E6AF00CBEA40 /* LeftMenuViewController..swift in Sources */ = {isa = PBXBuildFile; fileRef = F2B1F7E62222E6AF00CBEA40 /* LeftMenuViewController..swift */; };
		F2B1F7EB2222E87000CBEA40 /* FujiFilmLeftMenuCell.swift in Sources */ = {isa = PBXBuildFile; fileRef = F2B1F7E92222E87000CBEA40 /* FujiFilmLeftMenuCell.swift */; };
		F2B1F7EC2222E87000CBEA40 /* FujiFilmLeftMenuCell.xib in Resources */ = {isa = PBXBuildFile; fileRef = F2B1F7EA2222E87000CBEA40 /* FujiFilmLeftMenuCell.xib */; };
		F2D8D72C2222F5BE00B15CC7 /* Dashboard.storyboard in Resources */ = {isa = PBXBuildFile; fileRef = F2D8D72A2222F5BE00B15CC7 /* Dashboard.storyboard */; };
		F2D8D72E2222FAF000B15CC7 /* DashboardViewController.swift in Sources */ = {isa = PBXBuildFile; fileRef = F2D8D72D2222FAF000B15CC7 /* DashboardViewController.swift */; };
		F2D8D7312222FBC800B15CC7 /* DashboardCell.swift in Sources */ = {isa = PBXBuildFile; fileRef = F2D8D72F2222FBC800B15CC7 /* DashboardCell.swift */; };
		F2D8D7322222FBC800B15CC7 /* DashboardCell.xib in Resources */ = {isa = PBXBuildFile; fileRef = F2D8D7302222FBC800B15CC7 /* DashboardCell.xib */; };
		F2D8D7352222FEEA00B15CC7 /* APIManager.swift in Sources */ = {isa = PBXBuildFile; fileRef = F2D8D7342222FEEA00B15CC7 /* APIManager.swift */; };
		F2D8D7372223004D00B15CC7 /* WorkshopViewController.swift in Sources */ = {isa = PBXBuildFile; fileRef = F2D8D7362223004D00B15CC7 /* WorkshopViewController.swift */; };
		F2D8D73A2223005800B15CC7 /* Workshop.storyboard in Resources */ = {isa = PBXBuildFile; fileRef = F2D8D7382223005800B15CC7 /* Workshop.storyboard */; };
		F2D8D745222304B300B15CC7 /* WorkshopCell.xib in Resources */ = {isa = PBXBuildFile; fileRef = F2D8D743222304B300B15CC7 /* WorkshopCell.xib */; };
		F2D8D746222304B300B15CC7 /* WorkshopCell.swift in Sources */ = {isa = PBXBuildFile; fileRef = F2D8D744222304B300B15CC7 /* WorkshopCell.swift */; };
		F2D8D74922231C7F00B15CC7 /* QRScanResult.storyboard in Resources */ = {isa = PBXBuildFile; fileRef = F2D8D74722231C7F00B15CC7 /* QRScanResult.storyboard */; };
		F2D8D74B22231CB500B15CC7 /* QRScanResultViewController.swift in Sources */ = {isa = PBXBuildFile; fileRef = F2D8D74A22231CB500B15CC7 /* QRScanResultViewController.swift */; };
		F2D8D74E2223261400B15CC7 /* APIError.swift in Sources */ = {isa = PBXBuildFile; fileRef = F2D8D74D2223261400B15CC7 /* APIError.swift */; };
		F2D8D750222327F100B15CC7 /* UserDetails.swift in Sources */ = {isa = PBXBuildFile; fileRef = F2D8D74F222327F100B15CC7 /* UserDetails.swift */; };
		F2D8D752222336F500B15CC7 /* EventList.swift in Sources */ = {isa = PBXBuildFile; fileRef = F2D8D751222336F500B15CC7 /* EventList.swift */; };
		F2F9639A22245E1E001F51D5 /* Warranty.storyboard in Resources */ = {isa = PBXBuildFile; fileRef = F2F9639822245E1E001F51D5 /* Warranty.storyboard */; };
		F2F9639C22245E44001F51D5 /* WarrantyViewController.swift in Sources */ = {isa = PBXBuildFile; fileRef = F2F9639B22245E44001F51D5 /* WarrantyViewController.swift */; };
		F2F9639F22245F09001F51D5 /* WarrantyCell.swift in Sources */ = {isa = PBXBuildFile; fileRef = F2F9639D22245F09001F51D5 /* WarrantyCell.swift */; };
		F2F963A022245F09001F51D5 /* WarrantyCell.xib in Resources */ = {isa = PBXBuildFile; fileRef = F2F9639E22245F09001F51D5 /* WarrantyCell.xib */; };
/* End PBXBuildFile section */

/* Begin PBXFileReference section */
		4331B429E0D452ACAD1E20FA /* Pods_FujiFilm.framework */ = {isa = PBXFileReference; explicitFileType = wrapper.framework; includeInIndex = 0; path = Pods_FujiFilm.framework; sourceTree = BUILT_PRODUCTS_DIR; };
		B9AC35523AD33718DC5ED1ED /* Pods-FujiFilm.debug.xcconfig */ = {isa = PBXFileReference; includeInIndex = 1; lastKnownFileType = text.xcconfig; name = "Pods-FujiFilm.debug.xcconfig"; path = "Pods/Target Support Files/Pods-FujiFilm/Pods-FujiFilm.debug.xcconfig"; sourceTree = "<group>"; };
		BE451DCF4657DD3DFFE8386D /* Pods-FujiFilm.release.xcconfig */ = {isa = PBXFileReference; includeInIndex = 1; lastKnownFileType = text.xcconfig; name = "Pods-FujiFilm.release.xcconfig"; path = "Pods/Target Support Files/Pods-FujiFilm/Pods-FujiFilm.release.xcconfig"; sourceTree = "<group>"; };
		F2B1F737222284B500CBEA40 /* FujiFilm.app */ = {isa = PBXFileReference; explicitFileType = wrapper.application; includeInIndex = 0; path = FujiFilm.app; sourceTree = BUILT_PRODUCTS_DIR; };
		F2B1F73A222284B500CBEA40 /* AppDelegate.swift */ = {isa = PBXFileReference; lastKnownFileType = sourcecode.swift; path = AppDelegate.swift; sourceTree = "<group>"; };
		F2B1F73C222284B500CBEA40 /* LoginViewController.swift */ = {isa = PBXFileReference; lastKnownFileType = sourcecode.swift; path = LoginViewController.swift; sourceTree = "<group>"; };
		F2B1F73F222284B500CBEA40 /* Base */ = {isa = PBXFileReference; lastKnownFileType = file.storyboard; name = Base; path = Base.lproj/Login.storyboard; sourceTree = "<group>"; };
		F2B1F741222284B700CBEA40 /* Assets.xcassets */ = {isa = PBXFileReference; lastKnownFileType = folder.assetcatalog; path = Assets.xcassets; sourceTree = "<group>"; };
		F2B1F744222284B700CBEA40 /* Base */ = {isa = PBXFileReference; lastKnownFileType = file.storyboard; name = Base; path = Base.lproj/LaunchScreen.storyboard; sourceTree = "<group>"; };
		F2B1F746222284B700CBEA40 /* Info.plist */ = {isa = PBXFileReference; lastKnownFileType = text.plist.xml; path = Info.plist; sourceTree = "<group>"; };
		F2B1F74E222285D200CBEA40 /* NSObject+Extension.swift */ = {isa = PBXFileReference; fileEncoding = 4; lastKnownFileType = sourcecode.swift; path = "NSObject+Extension.swift"; sourceTree = "<group>"; };
		F2B1F74F222285D200CBEA40 /* String+Extension.swift */ = {isa = PBXFileReference; fileEncoding = 4; lastKnownFileType = sourcecode.swift; path = "String+Extension.swift"; sourceTree = "<group>"; };
		F2B1F750222285D200CBEA40 /* UserDefaults+Extension.swift */ = {isa = PBXFileReference; fileEncoding = 4; lastKnownFileType = sourcecode.swift; path = "UserDefaults+Extension.swift"; sourceTree = "<group>"; };
		F2B1F752222285D200CBEA40 /* UIApplication+Extension.swift */ = {isa = PBXFileReference; fileEncoding = 4; lastKnownFileType = sourcecode.swift; path = "UIApplication+Extension.swift"; sourceTree = "<group>"; };
		F2B1F753222285D200CBEA40 /* UIImageView+Extension.swift */ = {isa = PBXFileReference; fileEncoding = 4; lastKnownFileType = sourcecode.swift; path = "UIImageView+Extension.swift"; sourceTree = "<group>"; };
		F2B1F754222285D200CBEA40 /* UIFont+Extension.swift */ = {isa = PBXFileReference; fileEncoding = 4; lastKnownFileType = sourcecode.swift; path = "UIFont+Extension.swift"; sourceTree = "<group>"; };
		F2B1F755222285D200CBEA40 /* UIColor+Extension.swift */ = {isa = PBXFileReference; fileEncoding = 4; lastKnownFileType = sourcecode.swift; path = "UIColor+Extension.swift"; sourceTree = "<group>"; };
		F2B1F756222285D200CBEA40 /* UILabel+Extension.swift */ = {isa = PBXFileReference; fileEncoding = 4; lastKnownFileType = sourcecode.swift; path = "UILabel+Extension.swift"; sourceTree = "<group>"; };
		F2B1F757222285D200CBEA40 /* UIButton+Extension.swift */ = {isa = PBXFileReference; fileEncoding = 4; lastKnownFileType = sourcecode.swift; path = "UIButton+Extension.swift"; sourceTree = "<group>"; };
		F2B1F758222285D200CBEA40 /* UIView+Extension.swift */ = {isa = PBXFileReference; fileEncoding = 4; lastKnownFileType = sourcecode.swift; path = "UIView+Extension.swift"; sourceTree = "<group>"; };
		F2B1F759222285D200CBEA40 /* UIViewController+Extension.swift */ = {isa = PBXFileReference; fileEncoding = 4; lastKnownFileType = sourcecode.swift; path = "UIViewController+Extension.swift"; sourceTree = "<group>"; };
		F2B1F75A222285D200CBEA40 /* UISegmentedControl+Extension.swift */ = {isa = PBXFileReference; fileEncoding = 4; lastKnownFileType = sourcecode.swift; path = "UISegmentedControl+Extension.swift"; sourceTree = "<group>"; };
		F2B1F75B222285D200CBEA40 /* UICollectionView+Extension.swift */ = {isa = PBXFileReference; fileEncoding = 4; lastKnownFileType = sourcecode.swift; path = "UICollectionView+Extension.swift"; sourceTree = "<group>"; };
		F2B1F75C222285D200CBEA40 /* UITextView+Extension.swift */ = {isa = PBXFileReference; fileEncoding = 4; lastKnownFileType = sourcecode.swift; path = "UITextView+Extension.swift"; sourceTree = "<group>"; };
		F2B1F75D222285D200CBEA40 /* UIScrollView+Content.swift */ = {isa = PBXFileReference; fileEncoding = 4; lastKnownFileType = sourcecode.swift; path = "UIScrollView+Content.swift"; sourceTree = "<group>"; };
		F2B1F75E222285D200CBEA40 /* UITextField+Extension.swift */ = {isa = PBXFileReference; fileEncoding = 4; lastKnownFileType = sourcecode.swift; path = "UITextField+Extension.swift"; sourceTree = "<group>"; };
		F2B1F75F222285D200CBEA40 /* UITableView+Extension.swift */ = {isa = PBXFileReference; fileEncoding = 4; lastKnownFileType = sourcecode.swift; path = "UITableView+Extension.swift"; sourceTree = "<group>"; };
		F2B1F761222285D200CBEA40 /* FujiFilmTableView.swift */ = {isa = PBXFileReference; fileEncoding = 4; lastKnownFileType = sourcecode.swift; path = FujiFilmTableView.swift; sourceTree = "<group>"; };
		F2B1F762222285D200CBEA40 /* FujiFilmTextField.swift */ = {isa = PBXFileReference; fileEncoding = 4; lastKnownFileType = sourcecode.swift; path = FujiFilmTextField.swift; sourceTree = "<group>"; };
		F2B1F763222285D200CBEA40 /* FujiFilmSegmentedControl.swift */ = {isa = PBXFileReference; fileEncoding = 4; lastKnownFileType = sourcecode.swift; path = FujiFilmSegmentedControl.swift; sourceTree = "<group>"; };
		F2B1F764222285D200CBEA40 /* FujiFilmImageView.swift */ = {isa = PBXFileReference; fileEncoding = 4; lastKnownFileType = sourcecode.swift; path = FujiFilmImageView.swift; sourceTree = "<group>"; };
		F2B1F765222285D200CBEA40 /* FujiFilmTabBarItem.swift */ = {isa = PBXFileReference; fileEncoding = 4; lastKnownFileType = sourcecode.swift; path = FujiFilmTabBarItem.swift; sourceTree = "<group>"; };
		F2B1F766222285D200CBEA40 /* FujiFilmTextView.swift */ = {isa = PBXFileReference; fileEncoding = 4; lastKnownFileType = sourcecode.swift; path = FujiFilmTextView.swift; sourceTree = "<group>"; };
		F2B1F767222285D200CBEA40 /* FujiFilmViewController.swift */ = {isa = PBXFileReference; fileEncoding = 4; lastKnownFileType = sourcecode.swift; path = FujiFilmViewController.swift; sourceTree = "<group>"; };
		F2B1F768222285D200CBEA40 /* FujiFilmButton.swift */ = {isa = PBXFileReference; fileEncoding = 4; lastKnownFileType = sourcecode.swift; path = FujiFilmButton.swift; sourceTree = "<group>"; };
		F2B1F769222285D200CBEA40 /* FujiFilmCollectionView.swift */ = {isa = PBXFileReference; fileEncoding = 4; lastKnownFileType = sourcecode.swift; path = FujiFilmCollectionView.swift; sourceTree = "<group>"; };
		F2B1F76A222285D200CBEA40 /* FujiFilmNavigationBar.swift */ = {isa = PBXFileReference; fileEncoding = 4; lastKnownFileType = sourcecode.swift; path = FujiFilmNavigationBar.swift; sourceTree = "<group>"; };
		F2B1F76B222285D200CBEA40 /* FujiFilmLabel.swift */ = {isa = PBXFileReference; fileEncoding = 4; lastKnownFileType = sourcecode.swift; path = FujiFilmLabel.swift; sourceTree = "<group>"; };
		F2B1F76C222285D200CBEA40 /* FujiFilmTabController.swift */ = {isa = PBXFileReference; fileEncoding = 4; lastKnownFileType = sourcecode.swift; path = FujiFilmTabController.swift; sourceTree = "<group>"; };
		F2B1F76D222285D200CBEA40 /* FujiFilmSwitch.swift */ = {isa = PBXFileReference; fileEncoding = 4; lastKnownFileType = sourcecode.swift; path = FujiFilmSwitch.swift; sourceTree = "<group>"; };
		F2B1F76E222285D200CBEA40 /* FujiFilmShadowView.swift */ = {isa = PBXFileReference; fileEncoding = 4; lastKnownFileType = sourcecode.swift; path = FujiFilmShadowView.swift; sourceTree = "<group>"; };
		F2B1F78F2222866800CBEA40 /* CustomFontStyle.swift */ = {isa = PBXFileReference; fileEncoding = 4; lastKnownFileType = sourcecode.swift; path = CustomFontStyle.swift; sourceTree = "<group>"; };
		F2B1F7942222866800CBEA40 /* StoryboardNames.swift */ = {isa = PBXFileReference; fileEncoding = 4; lastKnownFileType = sourcecode.swift; path = StoryboardNames.swift; sourceTree = "<group>"; };
		F2B1F7952222866800CBEA40 /* CellXibs.swift */ = {isa = PBXFileReference; fileEncoding = 4; lastKnownFileType = sourcecode.swift; path = CellXibs.swift; sourceTree = "<group>"; };
		F2B1F79D2222866800CBEA40 /* HTMLs.swift */ = {isa = PBXFileReference; fileEncoding = 4; lastKnownFileType = sourcecode.swift; path = HTMLs.swift; sourceTree = "<group>"; };
		F2B1F7AD222288EE00CBEA40 /* GeneralConstant.swift */ = {isa = PBXFileReference; lastKnownFileType = sourcecode.swift; path = GeneralConstant.swift; sourceTree = "<group>"; };
		F2B1F7B32222996C00CBEA40 /* Raleway-BoldItalic.ttf */ = {isa = PBXFileReference; lastKnownFileType = file; path = "Raleway-BoldItalic.ttf"; sourceTree = "<group>"; };
		F2B1F7B42222996C00CBEA40 /* Raleway-MediumItalic.ttf */ = {isa = PBXFileReference; lastKnownFileType = file; path = "Raleway-MediumItalic.ttf"; sourceTree = "<group>"; };
		F2B1F7B52222996C00CBEA40 /* Raleway-ThinItalic.ttf */ = {isa = PBXFileReference; lastKnownFileType = file; path = "Raleway-ThinItalic.ttf"; sourceTree = "<group>"; };
		F2B1F7B62222996C00CBEA40 /* Raleway-ExtraLight.ttf */ = {isa = PBXFileReference; lastKnownFileType = file; path = "Raleway-ExtraLight.ttf"; sourceTree = "<group>"; };
		F2B1F7B72222996C00CBEA40 /* SIL Open Font License.txt */ = {isa = PBXFileReference; fileEncoding = 4; lastKnownFileType = text; path = "SIL Open Font License.txt"; sourceTree = "<group>"; };
		F2B1F7B82222996C00CBEA40 /* Raleway-Medium.ttf */ = {isa = PBXFileReference; lastKnownFileType = file; path = "Raleway-Medium.ttf"; sourceTree = "<group>"; };
		F2B1F7B92222996C00CBEA40 /* Raleway-SemiBold.ttf */ = {isa = PBXFileReference; lastKnownFileType = file; path = "Raleway-SemiBold.ttf"; sourceTree = "<group>"; };
		F2B1F7BA2222996C00CBEA40 /* Raleway-ExtraBold.ttf */ = {isa = PBXFileReference; lastKnownFileType = file; path = "Raleway-ExtraBold.ttf"; sourceTree = "<group>"; };
		F2B1F7BB2222996C00CBEA40 /* Raleway-ExtraBoldItalic.ttf */ = {isa = PBXFileReference; lastKnownFileType = file; path = "Raleway-ExtraBoldItalic.ttf"; sourceTree = "<group>"; };
		F2B1F7BC2222996C00CBEA40 /* Raleway-Regular.ttf */ = {isa = PBXFileReference; lastKnownFileType = file; path = "Raleway-Regular.ttf"; sourceTree = "<group>"; };
		F2B1F7BD2222996C00CBEA40 /* Raleway-ExtraLightItalic.ttf */ = {isa = PBXFileReference; lastKnownFileType = file; path = "Raleway-ExtraLightItalic.ttf"; sourceTree = "<group>"; };
		F2B1F7BE2222996C00CBEA40 /* Raleway-SemiBoldItalic.ttf */ = {isa = PBXFileReference; lastKnownFileType = file; path = "Raleway-SemiBoldItalic.ttf"; sourceTree = "<group>"; };
		F2B1F7BF2222996C00CBEA40 /* Raleway-Light.ttf */ = {isa = PBXFileReference; lastKnownFileType = file; path = "Raleway-Light.ttf"; sourceTree = "<group>"; };
		F2B1F7C02222996C00CBEA40 /* Raleway-Black.ttf */ = {isa = PBXFileReference; lastKnownFileType = file; path = "Raleway-Black.ttf"; sourceTree = "<group>"; };
		F2B1F7C12222996C00CBEA40 /* Raleway-BlackItalic.ttf */ = {isa = PBXFileReference; lastKnownFileType = file; path = "Raleway-BlackItalic.ttf"; sourceTree = "<group>"; };
		F2B1F7C22222996C00CBEA40 /* Raleway-LightItalic.ttf */ = {isa = PBXFileReference; lastKnownFileType = file; path = "Raleway-LightItalic.ttf"; sourceTree = "<group>"; };
		F2B1F7C32222996C00CBEA40 /* Raleway-Thin.ttf */ = {isa = PBXFileReference; lastKnownFileType = file; path = "Raleway-Thin.ttf"; sourceTree = "<group>"; };
		F2B1F7C42222996C00CBEA40 /* Raleway-Italic.ttf */ = {isa = PBXFileReference; lastKnownFileType = file; path = "Raleway-Italic.ttf"; sourceTree = "<group>"; };
		F2B1F7C52222996C00CBEA40 /* Raleway-Bold.ttf */ = {isa = PBXFileReference; lastKnownFileType = file; path = "Raleway-Bold.ttf"; sourceTree = "<group>"; };
		F2B1F7DC2222A5DE00CBEA40 /* Base */ = {isa = PBXFileReference; lastKnownFileType = file.storyboard; name = Base; path = Base.lproj/ForgotPassword.storyboard; sourceTree = "<group>"; };
		F2B1F7DE2222A5EB00CBEA40 /* ForgotPasswordViewController.swift */ = {isa = PBXFileReference; fileEncoding = 4; lastKnownFileType = sourcecode.swift; path = ForgotPasswordViewController.swift; sourceTree = "<group>"; };
		F2B1F7E42222E62B00CBEA40 /* Base */ = {isa = PBXFileReference; lastKnownFileType = file.storyboard; name = Base; path = Base.lproj/LeftMenu.storyboard; sourceTree = "<group>"; };
		F2B1F7E62222E6AF00CBEA40 /* LeftMenuViewController..swift */ = {isa = PBXFileReference; fileEncoding = 4; lastKnownFileType = sourcecode.swift; path = LeftMenuViewController..swift; sourceTree = "<group>"; };
		F2B1F7E92222E87000CBEA40 /* FujiFilmLeftMenuCell.swift */ = {isa = PBXFileReference; lastKnownFileType = sourcecode.swift; path = FujiFilmLeftMenuCell.swift; sourceTree = "<group>"; };
		F2B1F7EA2222E87000CBEA40 /* FujiFilmLeftMenuCell.xib */ = {isa = PBXFileReference; lastKnownFileType = file.xib; path = FujiFilmLeftMenuCell.xib; sourceTree = "<group>"; };
		F2D8D72B2222F5BE00B15CC7 /* Base */ = {isa = PBXFileReference; lastKnownFileType = file.storyboard; name = Base; path = Base.lproj/Dashboard.storyboard; sourceTree = "<group>"; };
		F2D8D72D2222FAF000B15CC7 /* DashboardViewController.swift */ = {isa = PBXFileReference; fileEncoding = 4; lastKnownFileType = sourcecode.swift; path = DashboardViewController.swift; sourceTree = "<group>"; };
		F2D8D72F2222FBC800B15CC7 /* DashboardCell.swift */ = {isa = PBXFileReference; lastKnownFileType = sourcecode.swift; path = DashboardCell.swift; sourceTree = "<group>"; };
		F2D8D7302222FBC800B15CC7 /* DashboardCell.xib */ = {isa = PBXFileReference; lastKnownFileType = file.xib; path = DashboardCell.xib; sourceTree = "<group>"; };
		F2D8D7342222FEEA00B15CC7 /* APIManager.swift */ = {isa = PBXFileReference; fileEncoding = 4; lastKnownFileType = sourcecode.swift; path = APIManager.swift; sourceTree = "<group>"; };
		F2D8D7362223004D00B15CC7 /* WorkshopViewController.swift */ = {isa = PBXFileReference; fileEncoding = 4; lastKnownFileType = sourcecode.swift; path = WorkshopViewController.swift; sourceTree = "<group>"; };
		F2D8D7392223005800B15CC7 /* Base */ = {isa = PBXFileReference; lastKnownFileType = file.storyboard; name = Base; path = Base.lproj/Workshop.storyboard; sourceTree = "<group>"; };
		F2D8D743222304B300B15CC7 /* WorkshopCell.xib */ = {isa = PBXFileReference; fileEncoding = 4; lastKnownFileType = file.xib; path = WorkshopCell.xib; sourceTree = "<group>"; };
		F2D8D744222304B300B15CC7 /* WorkshopCell.swift */ = {isa = PBXFileReference; fileEncoding = 4; lastKnownFileType = sourcecode.swift; path = WorkshopCell.swift; sourceTree = "<group>"; };
		F2D8D74822231C7F00B15CC7 /* Base */ = {isa = PBXFileReference; lastKnownFileType = file.storyboard; name = Base; path = Base.lproj/QRScanResult.storyboard; sourceTree = "<group>"; };
		F2D8D74A22231CB500B15CC7 /* QRScanResultViewController.swift */ = {isa = PBXFileReference; lastKnownFileType = sourcecode.swift; path = QRScanResultViewController.swift; sourceTree = "<group>"; };
		F2D8D74D2223261400B15CC7 /* APIError.swift */ = {isa = PBXFileReference; lastKnownFileType = sourcecode.swift; path = APIError.swift; sourceTree = "<group>"; };
		F2D8D74F222327F100B15CC7 /* UserDetails.swift */ = {isa = PBXFileReference; lastKnownFileType = sourcecode.swift; path = UserDetails.swift; sourceTree = "<group>"; };
		F2D8D751222336F500B15CC7 /* EventList.swift */ = {isa = PBXFileReference; lastKnownFileType = sourcecode.swift; path = EventList.swift; sourceTree = "<group>"; };
		F2F9639922245E1E001F51D5 /* Base */ = {isa = PBXFileReference; lastKnownFileType = file.storyboard; name = Base; path = Base.lproj/Warranty.storyboard; sourceTree = "<group>"; };
		F2F9639B22245E44001F51D5 /* WarrantyViewController.swift */ = {isa = PBXFileReference; fileEncoding = 4; lastKnownFileType = sourcecode.swift; path = WarrantyViewController.swift; sourceTree = "<group>"; };
		F2F9639D22245F09001F51D5 /* WarrantyCell.swift */ = {isa = PBXFileReference; lastKnownFileType = sourcecode.swift; path = WarrantyCell.swift; sourceTree = "<group>"; };
		F2F9639E22245F09001F51D5 /* WarrantyCell.xib */ = {isa = PBXFileReference; lastKnownFileType = file.xib; path = WarrantyCell.xib; sourceTree = "<group>"; };
/* End PBXFileReference section */

/* Begin PBXFrameworksBuildPhase section */
		F2B1F734222284B500CBEA40 /* Frameworks */ = {
			isa = PBXFrameworksBuildPhase;
			buildActionMask = 2147483647;
			files = (
				E054A06463E128B5D39D0700 /* Pods_FujiFilm.framework in Frameworks */,
			);
			runOnlyForDeploymentPostprocessing = 0;
		};
/* End PBXFrameworksBuildPhase section */

/* Begin PBXGroup section */
		B3E84245E9E1AC4D5180D3EA /* Pods */ = {
			isa = PBXGroup;
			children = (
				B9AC35523AD33718DC5ED1ED /* Pods-FujiFilm.debug.xcconfig */,
				BE451DCF4657DD3DFFE8386D /* Pods-FujiFilm.release.xcconfig */,
			);
			name = Pods;
			sourceTree = "<group>";
		};
		D344D437ED24927D6B15E64A /* Frameworks */ = {
			isa = PBXGroup;
			children = (
				4331B429E0D452ACAD1E20FA /* Pods_FujiFilm.framework */,
			);
			name = Frameworks;
			sourceTree = "<group>";
		};
		F2B1F72E222284B500CBEA40 = {
			isa = PBXGroup;
			children = (
				F2B1F739222284B500CBEA40 /* FujiFilm */,
				F2B1F738222284B500CBEA40 /* Products */,
				B3E84245E9E1AC4D5180D3EA /* Pods */,
				D344D437ED24927D6B15E64A /* Frameworks */,
			);
			sourceTree = "<group>";
		};
		F2B1F738222284B500CBEA40 /* Products */ = {
			isa = PBXGroup;
			children = (
				F2B1F737222284B500CBEA40 /* FujiFilm.app */,
			);
			name = Products;
			sourceTree = "<group>";
		};
		F2B1F739222284B500CBEA40 /* FujiFilm */ = {
			isa = PBXGroup;
			children = (
				F2D8D74C2223260600B15CC7 /* models */,
				F2B1F7E82222E84C00CBEA40 /* XIBs */,
				F2B1F7DA2222A5A200CBEA40 /* Storyboards */,
				F2B1F7D92222A58A00CBEA40 /* ViewControllers */,
				F2B1F7B02222996C00CBEA40 /* Resources */,
				F2B1F78E2222866800CBEA40 /* Enums */,
				F2B1F74C222285D200CBEA40 /* Extensions */,
				F2B1F760222285D200CBEA40 /* UIKitSubclasses */,
				F2B1F73A222284B500CBEA40 /* AppDelegate.swift */,
				F2D8D7342222FEEA00B15CC7 /* APIManager.swift */,
				F2B1F741222284B700CBEA40 /* Assets.xcassets */,
				F2B1F743222284B700CBEA40 /* LaunchScreen.storyboard */,
				F2B1F746222284B700CBEA40 /* Info.plist */,
				F2B1F7AD222288EE00CBEA40 /* GeneralConstant.swift */,
			);
			path = FujiFilm;
			sourceTree = "<group>";
		};
		F2B1F74C222285D200CBEA40 /* Extensions */ = {
			isa = PBXGroup;
			children = (
				F2B1F74D222285D200CBEA40 /* FoundationTypes */,
				F2B1F751222285D200CBEA40 /* UIKit */,
			);
			path = Extensions;
			sourceTree = "<group>";
		};
		F2B1F74D222285D200CBEA40 /* FoundationTypes */ = {
			isa = PBXGroup;
			children = (
				F2B1F74E222285D200CBEA40 /* NSObject+Extension.swift */,
				F2B1F74F222285D200CBEA40 /* String+Extension.swift */,
				F2B1F750222285D200CBEA40 /* UserDefaults+Extension.swift */,
			);
			path = FoundationTypes;
			sourceTree = "<group>";
		};
		F2B1F751222285D200CBEA40 /* UIKit */ = {
			isa = PBXGroup;
			children = (
				F2B1F752222285D200CBEA40 /* UIApplication+Extension.swift */,
				F2B1F753222285D200CBEA40 /* UIImageView+Extension.swift */,
				F2B1F754222285D200CBEA40 /* UIFont+Extension.swift */,
				F2B1F755222285D200CBEA40 /* UIColor+Extension.swift */,
				F2B1F756222285D200CBEA40 /* UILabel+Extension.swift */,
				F2B1F757222285D200CBEA40 /* UIButton+Extension.swift */,
				F2B1F758222285D200CBEA40 /* UIView+Extension.swift */,
				F2B1F759222285D200CBEA40 /* UIViewController+Extension.swift */,
				F2B1F75A222285D200CBEA40 /* UISegmentedControl+Extension.swift */,
				F2B1F75B222285D200CBEA40 /* UICollectionView+Extension.swift */,
				F2B1F75C222285D200CBEA40 /* UITextView+Extension.swift */,
				F2B1F75D222285D200CBEA40 /* UIScrollView+Content.swift */,
				F2B1F75E222285D200CBEA40 /* UITextField+Extension.swift */,
				F2B1F75F222285D200CBEA40 /* UITableView+Extension.swift */,
			);
			path = UIKit;
			sourceTree = "<group>";
		};
		F2B1F760222285D200CBEA40 /* UIKitSubclasses */ = {
			isa = PBXGroup;
			children = (
				F2B1F761222285D200CBEA40 /* FujiFilmTableView.swift */,
				F2B1F762222285D200CBEA40 /* FujiFilmTextField.swift */,
				F2B1F763222285D200CBEA40 /* FujiFilmSegmentedControl.swift */,
				F2B1F764222285D200CBEA40 /* FujiFilmImageView.swift */,
				F2B1F765222285D200CBEA40 /* FujiFilmTabBarItem.swift */,
				F2B1F766222285D200CBEA40 /* FujiFilmTextView.swift */,
				F2B1F767222285D200CBEA40 /* FujiFilmViewController.swift */,
				F2B1F768222285D200CBEA40 /* FujiFilmButton.swift */,
				F2B1F769222285D200CBEA40 /* FujiFilmCollectionView.swift */,
				F2B1F76A222285D200CBEA40 /* FujiFilmNavigationBar.swift */,
				F2B1F76B222285D200CBEA40 /* FujiFilmLabel.swift */,
				F2B1F76C222285D200CBEA40 /* FujiFilmTabController.swift */,
				F2B1F76D222285D200CBEA40 /* FujiFilmSwitch.swift */,
				F2B1F76E222285D200CBEA40 /* FujiFilmShadowView.swift */,
			);
			path = UIKitSubclasses;
			sourceTree = "<group>";
		};
		F2B1F78E2222866800CBEA40 /* Enums */ = {
			isa = PBXGroup;
			children = (
				F2B1F78F2222866800CBEA40 /* CustomFontStyle.swift */,
				F2B1F7942222866800CBEA40 /* StoryboardNames.swift */,
				F2B1F7952222866800CBEA40 /* CellXibs.swift */,
				F2B1F79D2222866800CBEA40 /* HTMLs.swift */,
			);
			path = Enums;
			sourceTree = "<group>";
		};
		F2B1F7B02222996C00CBEA40 /* Resources */ = {
			isa = PBXGroup;
			children = (
				F2B1F7B12222996C00CBEA40 /* Fonts */,
			);
			path = Resources;
			sourceTree = "<group>";
		};
		F2B1F7B12222996C00CBEA40 /* Fonts */ = {
			isa = PBXGroup;
			children = (
				F2B1F7B22222996C00CBEA40 /* raleway */,
			);
			path = Fonts;
			sourceTree = "<group>";
		};
		F2B1F7B22222996C00CBEA40 /* raleway */ = {
			isa = PBXGroup;
			children = (
				F2B1F7B32222996C00CBEA40 /* Raleway-BoldItalic.ttf */,
				F2B1F7B42222996C00CBEA40 /* Raleway-MediumItalic.ttf */,
				F2B1F7B52222996C00CBEA40 /* Raleway-ThinItalic.ttf */,
				F2B1F7B62222996C00CBEA40 /* Raleway-ExtraLight.ttf */,
				F2B1F7B72222996C00CBEA40 /* SIL Open Font License.txt */,
				F2B1F7B82222996C00CBEA40 /* Raleway-Medium.ttf */,
				F2B1F7B92222996C00CBEA40 /* Raleway-SemiBold.ttf */,
				F2B1F7BA2222996C00CBEA40 /* Raleway-ExtraBold.ttf */,
				F2B1F7BB2222996C00CBEA40 /* Raleway-ExtraBoldItalic.ttf */,
				F2B1F7BC2222996C00CBEA40 /* Raleway-Regular.ttf */,
				F2B1F7BD2222996C00CBEA40 /* Raleway-ExtraLightItalic.ttf */,
				F2B1F7BE2222996C00CBEA40 /* Raleway-SemiBoldItalic.ttf */,
				F2B1F7BF2222996C00CBEA40 /* Raleway-Light.ttf */,
				F2B1F7C02222996C00CBEA40 /* Raleway-Black.ttf */,
				F2B1F7C12222996C00CBEA40 /* Raleway-BlackItalic.ttf */,
				F2B1F7C22222996C00CBEA40 /* Raleway-LightItalic.ttf */,
				F2B1F7C32222996C00CBEA40 /* Raleway-Thin.ttf */,
				F2B1F7C42222996C00CBEA40 /* Raleway-Italic.ttf */,
				F2B1F7C52222996C00CBEA40 /* Raleway-Bold.ttf */,
			);
			path = raleway;
			sourceTree = "<group>";
		};
		F2B1F7D92222A58A00CBEA40 /* ViewControllers */ = {
			isa = PBXGroup;
			children = (
				F2D8D7362223004D00B15CC7 /* WorkshopViewController.swift */,
				F2D8D74A22231CB500B15CC7 /* QRScanResultViewController.swift */,
				F2D8D72D2222FAF000B15CC7 /* DashboardViewController.swift */,
				F2F9639B22245E44001F51D5 /* WarrantyViewController.swift */,
				F2B1F7DE2222A5EB00CBEA40 /* ForgotPasswordViewController.swift */,
				F2B1F7E62222E6AF00CBEA40 /* LeftMenuViewController..swift */,
				F2B1F73C222284B500CBEA40 /* LoginViewController.swift */,
			);
			path = ViewControllers;
			sourceTree = "<group>";
		};
		F2B1F7DA2222A5A200CBEA40 /* Storyboards */ = {
			isa = PBXGroup;
			children = (
				F2D8D7382223005800B15CC7 /* Workshop.storyboard */,
				F2D8D72A2222F5BE00B15CC7 /* Dashboard.storyboard */,
				F2F9639822245E1E001F51D5 /* Warranty.storyboard */,
				F2B1F7E32222E62B00CBEA40 /* LeftMenu.storyboard */,
				F2B1F73E222284B500CBEA40 /* Login.storyboard */,
				F2D8D74722231C7F00B15CC7 /* QRScanResult.storyboard */,
				F2B1F7DB2222A5DE00CBEA40 /* ForgotPassword.storyboard */,
			);
			path = Storyboards;
			sourceTree = "<group>";
		};
		F2B1F7E82222E84C00CBEA40 /* XIBs */ = {
			isa = PBXGroup;
			children = (
				F2D8D742222304B300B15CC7 /* WorkshopCell */,
				F2B1F7ED2222E8AD00CBEA40 /* FujiFilmLeftMenuCell */,
				F2D8D7332222FBCF00B15CC7 /* DashboardCell */,
				F2F963A122245F10001F51D5 /* WarrantyCell */,
			);
			path = XIBs;
			sourceTree = "<group>";
		};
		F2B1F7ED2222E8AD00CBEA40 /* FujiFilmLeftMenuCell */ = {
			isa = PBXGroup;
			children = (
				F2B1F7E92222E87000CBEA40 /* FujiFilmLeftMenuCell.swift */,
				F2B1F7EA2222E87000CBEA40 /* FujiFilmLeftMenuCell.xib */,
			);
			path = FujiFilmLeftMenuCell;
			sourceTree = "<group>";
		};
		F2D8D7332222FBCF00B15CC7 /* DashboardCell */ = {
			isa = PBXGroup;
			children = (
				F2D8D72F2222FBC800B15CC7 /* DashboardCell.swift */,
				F2D8D7302222FBC800B15CC7 /* DashboardCell.xib */,
			);
			path = DashboardCell;
			sourceTree = "<group>";
		};
		F2D8D742222304B300B15CC7 /* WorkshopCell */ = {
			isa = PBXGroup;
			children = (
				F2D8D743222304B300B15CC7 /* WorkshopCell.xib */,
				F2D8D744222304B300B15CC7 /* WorkshopCell.swift */,
			);
			path = WorkshopCell;
			sourceTree = "<group>";
		};
		F2D8D74C2223260600B15CC7 /* models */ = {
			isa = PBXGroup;
			children = (
				F2D8D74D2223261400B15CC7 /* APIError.swift */,
				F2D8D74F222327F100B15CC7 /* UserDetails.swift */,
				F2D8D751222336F500B15CC7 /* EventList.swift */,
			);
			path = models;
			sourceTree = "<group>";
		};
		F2F963A122245F10001F51D5 /* WarrantyCell */ = {
			isa = PBXGroup;
			children = (
				F2F9639D22245F09001F51D5 /* WarrantyCell.swift */,
				F2F9639E22245F09001F51D5 /* WarrantyCell.xib */,
			);
			path = WarrantyCell;
			sourceTree = "<group>";
		};
/* End PBXGroup section */

/* Begin PBXNativeTarget section */
		F2B1F736222284B500CBEA40 /* FujiFilm */ = {
			isa = PBXNativeTarget;
			buildConfigurationList = F2B1F749222284B700CBEA40 /* Build configuration list for PBXNativeTarget "FujiFilm" */;
			buildPhases = (
				21C7C5D435AD6915FBF66038 /* [CP] Check Pods Manifest.lock */,
				F2B1F733222284B500CBEA40 /* Sources */,
				F2B1F734222284B500CBEA40 /* Frameworks */,
				F2B1F735222284B500CBEA40 /* Resources */,
				3CD2B341C46659BE814AE04D /* [CP] Embed Pods Frameworks */,
			);
			buildRules = (
			);
			dependencies = (
			);
			name = FujiFilm;
			productName = FujiFilm;
			productReference = F2B1F737222284B500CBEA40 /* FujiFilm.app */;
			productType = "com.apple.product-type.application";
		};
/* End PBXNativeTarget section */

/* Begin PBXProject section */
		F2B1F72F222284B500CBEA40 /* Project object */ = {
			isa = PBXProject;
			attributes = {
				LastSwiftUpdateCheck = 1010;
				LastUpgradeCheck = 1010;
				ORGANIZATIONNAME = "Pawan Sharma";
				TargetAttributes = {
					F2B1F736222284B500CBEA40 = {
						CreatedOnToolsVersion = 10.1;
					};
				};
			};
			buildConfigurationList = F2B1F732222284B500CBEA40 /* Build configuration list for PBXProject "FujiFilm" */;
			compatibilityVersion = "Xcode 9.3";
			developmentRegion = en;
			hasScannedForEncodings = 0;
			knownRegions = (
				en,
				Base,
			);
			mainGroup = F2B1F72E222284B500CBEA40;
			productRefGroup = F2B1F738222284B500CBEA40 /* Products */;
			projectDirPath = "";
			projectRoot = "";
			targets = (
				F2B1F736222284B500CBEA40 /* FujiFilm */,
			);
		};
/* End PBXProject section */

/* Begin PBXResourcesBuildPhase section */
		F2B1F735222284B500CBEA40 /* Resources */ = {
			isa = PBXResourcesBuildPhase;
			buildActionMask = 2147483647;
			files = (
				F2B1F7D12222996C00CBEA40 /* Raleway-SemiBoldItalic.ttf in Resources */,
				F2B1F7D72222996C00CBEA40 /* Raleway-Italic.ttf in Resources */,
				F2B1F745222284B700CBEA40 /* LaunchScreen.storyboard in Resources */,
				F2B1F7DD2222A5DE00CBEA40 /* ForgotPassword.storyboard in Resources */,
				F2B1F7D42222996C00CBEA40 /* Raleway-BlackItalic.ttf in Resources */,
				F2B1F742222284B700CBEA40 /* Assets.xcassets in Resources */,
				F2B1F7C72222996C00CBEA40 /* Raleway-MediumItalic.ttf in Resources */,
				F2F9639A22245E1E001F51D5 /* Warranty.storyboard in Resources */,
				F2D8D73A2223005800B15CC7 /* Workshop.storyboard in Resources */,
				F2B1F7D62222996C00CBEA40 /* Raleway-Thin.ttf in Resources */,
				F2D8D74922231C7F00B15CC7 /* QRScanResult.storyboard in Resources */,
				F2B1F7CA2222996C00CBEA40 /* SIL Open Font License.txt in Resources */,
				F2B1F7CB2222996C00CBEA40 /* Raleway-Medium.ttf in Resources */,
				F2B1F740222284B500CBEA40 /* Login.storyboard in Resources */,
				F2B1F7D22222996C00CBEA40 /* Raleway-Light.ttf in Resources */,
				F2B1F7C62222996C00CBEA40 /* Raleway-BoldItalic.ttf in Resources */,
				F2B1F7E52222E62B00CBEA40 /* LeftMenu.storyboard in Resources */,
				F2B1F7C92222996C00CBEA40 /* Raleway-ExtraLight.ttf in Resources */,
				F2D8D745222304B300B15CC7 /* WorkshopCell.xib in Resources */,
				F2B1F7CE2222996C00CBEA40 /* Raleway-ExtraBoldItalic.ttf in Resources */,
				F2B1F7C82222996C00CBEA40 /* Raleway-ThinItalic.ttf in Resources */,
				F2D8D72C2222F5BE00B15CC7 /* Dashboard.storyboard in Resources */,
				F2B1F7CF2222996C00CBEA40 /* Raleway-Regular.ttf in Resources */,
				F2B1F7D52222996C00CBEA40 /* Raleway-LightItalic.ttf in Resources */,
				F2B1F7D32222996C00CBEA40 /* Raleway-Black.ttf in Resources */,
				F2F963A022245F09001F51D5 /* WarrantyCell.xib in Resources */,
				F2B1F7CC2222996C00CBEA40 /* Raleway-SemiBold.ttf in Resources */,
				F2D8D7322222FBC800B15CC7 /* DashboardCell.xib in Resources */,
				F2B1F7D82222996C00CBEA40 /* Raleway-Bold.ttf in Resources */,
				F2B1F7EC2222E87000CBEA40 /* FujiFilmLeftMenuCell.xib in Resources */,
				F2B1F7D02222996C00CBEA40 /* Raleway-ExtraLightItalic.ttf in Resources */,
				F2B1F7CD2222996C00CBEA40 /* Raleway-ExtraBold.ttf in Resources */,
			);
			runOnlyForDeploymentPostprocessing = 0;
		};
/* End PBXResourcesBuildPhase section */

/* Begin PBXShellScriptBuildPhase section */
		21C7C5D435AD6915FBF66038 /* [CP] Check Pods Manifest.lock */ = {
			isa = PBXShellScriptBuildPhase;
			buildActionMask = 2147483647;
			files = (
			);
			inputPaths = (
				"${PODS_PODFILE_DIR_PATH}/Podfile.lock",
				"${PODS_ROOT}/Manifest.lock",
			);
			name = "[CP] Check Pods Manifest.lock";
			outputPaths = (
				"$(DERIVED_FILE_DIR)/Pods-FujiFilm-checkManifestLockResult.txt",
			);
			runOnlyForDeploymentPostprocessing = 0;
			shellPath = /bin/sh;
			shellScript = "diff \"${PODS_PODFILE_DIR_PATH}/Podfile.lock\" \"${PODS_ROOT}/Manifest.lock\" > /dev/null\nif [ $? != 0 ] ; then\n    # print error to STDERR\n    echo \"error: The sandbox is not in sync with the Podfile.lock. Run 'pod install' or update your CocoaPods installation.\" >&2\n    exit 1\nfi\n# This output is used by Xcode 'outputs' to avoid re-running this script phase.\necho \"SUCCESS\" > \"${SCRIPT_OUTPUT_FILE_0}\"\n";
			showEnvVarsInLog = 0;
		};
		3CD2B341C46659BE814AE04D /* [CP] Embed Pods Frameworks */ = {
			isa = PBXShellScriptBuildPhase;
			buildActionMask = 2147483647;
			files = (
			);
			inputPaths = (
				"${SRCROOT}/Pods/Target Support Files/Pods-FujiFilm/Pods-FujiFilm-frameworks.sh",
				"${BUILT_PRODUCTS_DIR}/Alamofire/Alamofire.framework",
				"${BUILT_PRODUCTS_DIR}/IQKeyboardManager/IQKeyboardManager.framework",
				"${BUILT_PRODUCTS_DIR}/JGProgressHUD/JGProgressHUD.framework",
				"${BUILT_PRODUCTS_DIR}/QRCodeReader.swift/QRCodeReader.framework",
				"${BUILT_PRODUCTS_DIR}/SDWebImage/SDWebImage.framework",
				"${BUILT_PRODUCTS_DIR}/SideMenu/SideMenu.framework",
			);
			name = "[CP] Embed Pods Frameworks";
			outputPaths = (
				"${TARGET_BUILD_DIR}/${FRAMEWORKS_FOLDER_PATH}/Alamofire.framework",
				"${TARGET_BUILD_DIR}/${FRAMEWORKS_FOLDER_PATH}/IQKeyboardManager.framework",
				"${TARGET_BUILD_DIR}/${FRAMEWORKS_FOLDER_PATH}/JGProgressHUD.framework",
				"${TARGET_BUILD_DIR}/${FRAMEWORKS_FOLDER_PATH}/QRCodeReader.framework",
				"${TARGET_BUILD_DIR}/${FRAMEWORKS_FOLDER_PATH}/SDWebImage.framework",
				"${TARGET_BUILD_DIR}/${FRAMEWORKS_FOLDER_PATH}/SideMenu.framework",
			);
			runOnlyForDeploymentPostprocessing = 0;
			shellPath = /bin/sh;
			shellScript = "\"${SRCROOT}/Pods/Target Support Files/Pods-FujiFilm/Pods-FujiFilm-frameworks.sh\"\n";
			showEnvVarsInLog = 0;
		};
/* End PBXShellScriptBuildPhase section */

/* Begin PBXSourcesBuildPhase section */
		F2B1F733222284B500CBEA40 /* Sources */ = {
			isa = PBXSourcesBuildPhase;
			buildActionMask = 2147483647;
			files = (
				F2B1F770222285D200CBEA40 /* String+Extension.swift in Sources */,
				F2D8D72E2222FAF000B15CC7 /* DashboardViewController.swift in Sources */,
				F2B1F779222285D200CBEA40 /* UIViewController+Extension.swift in Sources */,
				F2B1F77F222285D200CBEA40 /* UITableView+Extension.swift in Sources */,
				F2D8D7352222FEEA00B15CC7 /* APIManager.swift in Sources */,
				F2B1F7A32222866800CBEA40 /* StoryboardNames.swift in Sources */,
				F2F9639C22245E44001F51D5 /* WarrantyViewController.swift in Sources */,
				F2D8D746222304B300B15CC7 /* WorkshopCell.swift in Sources */,
				F2B1F781222285D200CBEA40 /* FujiFilmTextField.swift in Sources */,
				F2B1F786222285D200CBEA40 /* FujiFilmViewController.swift in Sources */,
				F2B1F73D222284B500CBEA40 /* LoginViewController.swift in Sources */,
				F2B1F7EB2222E87000CBEA40 /* FujiFilmLeftMenuCell.swift in Sources */,
				F2D8D750222327F100B15CC7 /* UserDetails.swift in Sources */,
				F2B1F78A222285D200CBEA40 /* FujiFilmLabel.swift in Sources */,
				F2D8D74B22231CB500B15CC7 /* QRScanResultViewController.swift in Sources */,
				F2B1F776222285D200CBEA40 /* UILabel+Extension.swift in Sources */,
				F2B1F777222285D200CBEA40 /* UIButton+Extension.swift in Sources */,
				F2B1F773222285D200CBEA40 /* UIImageView+Extension.swift in Sources */,
				F2D8D74E2223261400B15CC7 /* APIError.swift in Sources */,
				F2B1F77B222285D200CBEA40 /* UICollectionView+Extension.swift in Sources */,
				F2B1F77A222285D200CBEA40 /* UISegmentedControl+Extension.swift in Sources */,
				F2B1F77D222285D200CBEA40 /* UIScrollView+Content.swift in Sources */,
				F2B1F77E222285D200CBEA40 /* UITextField+Extension.swift in Sources */,
				F2B1F78D222285D200CBEA40 /* FujiFilmShadowView.swift in Sources */,
				F2D8D7372223004D00B15CC7 /* WorkshopViewController.swift in Sources */,
				F2B1F784222285D200CBEA40 /* FujiFilmTabBarItem.swift in Sources */,
				F2B1F775222285D200CBEA40 /* UIColor+Extension.swift in Sources */,
				F2B1F778222285D200CBEA40 /* UIView+Extension.swift in Sources */,
				F2B1F78B222285D200CBEA40 /* FujiFilmTabController.swift in Sources */,
				F2B1F73B222284B500CBEA40 /* AppDelegate.swift in Sources */,
				F2B1F7E72222E6AF00CBEA40 /* LeftMenuViewController..swift in Sources */,
				F2B1F787222285D200CBEA40 /* FujiFilmButton.swift in Sources */,
				F2B1F77C222285D200CBEA40 /* UITextView+Extension.swift in Sources */,
				F2B1F7DF2222A5EB00CBEA40 /* ForgotPasswordViewController.swift in Sources */,
				F2D8D7312222FBC800B15CC7 /* DashboardCell.swift in Sources */,
				F2B1F7AC2222866800CBEA40 /* HTMLs.swift in Sources */,
				F2B1F7AE222288EE00CBEA40 /* GeneralConstant.swift in Sources */,
				F2B1F782222285D200CBEA40 /* FujiFilmSegmentedControl.swift in Sources */,
				F2B1F788222285D200CBEA40 /* FujiFilmCollectionView.swift in Sources */,
				F2B1F78C222285D200CBEA40 /* FujiFilmSwitch.swift in Sources */,
				F2B1F771222285D200CBEA40 /* UserDefaults+Extension.swift in Sources */,
				F2B1F789222285D200CBEA40 /* FujiFilmNavigationBar.swift in Sources */,
				F2B1F772222285D200CBEA40 /* UIApplication+Extension.swift in Sources */,
				F2B1F785222285D200CBEA40 /* FujiFilmTextView.swift in Sources */,
				F2B1F774222285D200CBEA40 /* UIFont+Extension.swift in Sources */,
				F2B1F76F222285D200CBEA40 /* NSObject+Extension.swift in Sources */,
				F2B1F79E2222866800CBEA40 /* CustomFontStyle.swift in Sources */,
				F2B1F780222285D200CBEA40 /* FujiFilmTableView.swift in Sources */,
				F2B1F783222285D200CBEA40 /* FujiFilmImageView.swift in Sources */,
				F2F9639F22245F09001F51D5 /* WarrantyCell.swift in Sources */,
				F2D8D752222336F500B15CC7 /* EventList.swift in Sources */,
				F2B1F7A42222866800CBEA40 /* CellXibs.swift in Sources */,
			);
			runOnlyForDeploymentPostprocessing = 0;
		};
/* End PBXSourcesBuildPhase section */

/* Begin PBXVariantGroup section */
		F2B1F73E222284B500CBEA40 /* Login.storyboard */ = {
			isa = PBXVariantGroup;
			children = (
				F2B1F73F222284B500CBEA40 /* Base */,
			);
			name = Login.storyboard;
			sourceTree = "<group>";
		};
		F2B1F743222284B700CBEA40 /* LaunchScreen.storyboard */ = {
			isa = PBXVariantGroup;
			children = (
				F2B1F744222284B700CBEA40 /* Base */,
			);
			name = LaunchScreen.storyboard;
			sourceTree = "<group>";
		};
		F2B1F7DB2222A5DE00CBEA40 /* ForgotPassword.storyboard */ = {
			isa = PBXVariantGroup;
			children = (
				F2B1F7DC2222A5DE00CBEA40 /* Base */,
			);
			name = ForgotPassword.storyboard;
			sourceTree = "<group>";
		};
		F2B1F7E32222E62B00CBEA40 /* LeftMenu.storyboard */ = {
			isa = PBXVariantGroup;
			children = (
				F2B1F7E42222E62B00CBEA40 /* Base */,
			);
			name = LeftMenu.storyboard;
			sourceTree = "<group>";
		};
		F2D8D72A2222F5BE00B15CC7 /* Dashboard.storyboard */ = {
			isa = PBXVariantGroup;
			children = (
				F2D8D72B2222F5BE00B15CC7 /* Base */,
			);
			name = Dashboard.storyboard;
			sourceTree = "<group>";
		};
		F2D8D7382223005800B15CC7 /* Workshop.storyboard */ = {
			isa = PBXVariantGroup;
			children = (
				F2D8D7392223005800B15CC7 /* Base */,
			);
			name = Workshop.storyboard;
			sourceTree = "<group>";
		};
		F2D8D74722231C7F00B15CC7 /* QRScanResult.storyboard */ = {
			isa = PBXVariantGroup;
			children = (
				F2D8D74822231C7F00B15CC7 /* Base */,
			);
			name = QRScanResult.storyboard;
			sourceTree = "<group>";
		};
		F2F9639822245E1E001F51D5 /* Warranty.storyboard */ = {
			isa = PBXVariantGroup;
			children = (
				F2F9639922245E1E001F51D5 /* Base */,
			);
			name = Warranty.storyboard;
			sourceTree = "<group>";
		};
/* End PBXVariantGroup section */

/* Begin XCBuildConfiguration section */
		F2B1F747222284B700CBEA40 /* Debug */ = {
			isa = XCBuildConfiguration;
			buildSettings = {
				ALWAYS_SEARCH_USER_PATHS = NO;
				CLANG_ANALYZER_NONNULL = YES;
				CLANG_ANALYZER_NUMBER_OBJECT_CONVERSION = YES_AGGRESSIVE;
				CLANG_CXX_LANGUAGE_STANDARD = "gnu++14";
				CLANG_CXX_LIBRARY = "libc++";
				CLANG_ENABLE_MODULES = YES;
				CLANG_ENABLE_OBJC_ARC = YES;
				CLANG_ENABLE_OBJC_WEAK = YES;
				CLANG_WARN_BLOCK_CAPTURE_AUTORELEASING = YES;
				CLANG_WARN_BOOL_CONVERSION = YES;
				CLANG_WARN_COMMA = YES;
				CLANG_WARN_CONSTANT_CONVERSION = YES;
				CLANG_WARN_DEPRECATED_OBJC_IMPLEMENTATIONS = YES;
				CLANG_WARN_DIRECT_OBJC_ISA_USAGE = YES_ERROR;
				CLANG_WARN_DOCUMENTATION_COMMENTS = YES;
				CLANG_WARN_EMPTY_BODY = YES;
				CLANG_WARN_ENUM_CONVERSION = YES;
				CLANG_WARN_INFINITE_RECURSION = YES;
				CLANG_WARN_INT_CONVERSION = YES;
				CLANG_WARN_NON_LITERAL_NULL_CONVERSION = YES;
				CLANG_WARN_OBJC_IMPLICIT_RETAIN_SELF = YES;
				CLANG_WARN_OBJC_LITERAL_CONVERSION = YES;
				CLANG_WARN_OBJC_ROOT_CLASS = YES_ERROR;
				CLANG_WARN_RANGE_LOOP_ANALYSIS = YES;
				CLANG_WARN_STRICT_PROTOTYPES = YES;
				CLANG_WARN_SUSPICIOUS_MOVE = YES;
				CLANG_WARN_UNGUARDED_AVAILABILITY = YES_AGGRESSIVE;
				CLANG_WARN_UNREACHABLE_CODE = YES;
				CLANG_WARN__DUPLICATE_METHOD_MATCH = YES;
				CODE_SIGN_IDENTITY = "iPhone Developer";
				COPY_PHASE_STRIP = NO;
				DEBUG_INFORMATION_FORMAT = dwarf;
				ENABLE_STRICT_OBJC_MSGSEND = YES;
				ENABLE_TESTABILITY = YES;
				GCC_C_LANGUAGE_STANDARD = gnu11;
				GCC_DYNAMIC_NO_PIC = NO;
				GCC_NO_COMMON_BLOCKS = YES;
				GCC_OPTIMIZATION_LEVEL = 0;
				GCC_PREPROCESSOR_DEFINITIONS = (
					"DEBUG=1",
					"$(inherited)",
				);
				GCC_WARN_64_TO_32_BIT_CONVERSION = YES;
				GCC_WARN_ABOUT_RETURN_TYPE = YES_ERROR;
				GCC_WARN_UNDECLARED_SELECTOR = YES;
				GCC_WARN_UNINITIALIZED_AUTOS = YES_AGGRESSIVE;
				GCC_WARN_UNUSED_FUNCTION = YES;
				GCC_WARN_UNUSED_VARIABLE = YES;
				IPHONEOS_DEPLOYMENT_TARGET = 12.1;
				MTL_ENABLE_DEBUG_INFO = INCLUDE_SOURCE;
				MTL_FAST_MATH = YES;
				ONLY_ACTIVE_ARCH = YES;
				SDKROOT = iphoneos;
				SWIFT_ACTIVE_COMPILATION_CONDITIONS = DEBUG;
				SWIFT_OPTIMIZATION_LEVEL = "-Onone";
			};
			name = Debug;
		};
		F2B1F748222284B700CBEA40 /* Release */ = {
			isa = XCBuildConfiguration;
			buildSettings = {
				ALWAYS_SEARCH_USER_PATHS = NO;
				CLANG_ANALYZER_NONNULL = YES;
				CLANG_ANALYZER_NUMBER_OBJECT_CONVERSION = YES_AGGRESSIVE;
				CLANG_CXX_LANGUAGE_STANDARD = "gnu++14";
				CLANG_CXX_LIBRARY = "libc++";
				CLANG_ENABLE_MODULES = YES;
				CLANG_ENABLE_OBJC_ARC = YES;
				CLANG_ENABLE_OBJC_WEAK = YES;
				CLANG_WARN_BLOCK_CAPTURE_AUTORELEASING = YES;
				CLANG_WARN_BOOL_CONVERSION = YES;
				CLANG_WARN_COMMA = YES;
				CLANG_WARN_CONSTANT_CONVERSION = YES;
				CLANG_WARN_DEPRECATED_OBJC_IMPLEMENTATIONS = YES;
				CLANG_WARN_DIRECT_OBJC_ISA_USAGE = YES_ERROR;
				CLANG_WARN_DOCUMENTATION_COMMENTS = YES;
				CLANG_WARN_EMPTY_BODY = YES;
				CLANG_WARN_ENUM_CONVERSION = YES;
				CLANG_WARN_INFINITE_RECURSION = YES;
				CLANG_WARN_INT_CONVERSION = YES;
				CLANG_WARN_NON_LITERAL_NULL_CONVERSION = YES;
				CLANG_WARN_OBJC_IMPLICIT_RETAIN_SELF = YES;
				CLANG_WARN_OBJC_LITERAL_CONVERSION = YES;
				CLANG_WARN_OBJC_ROOT_CLASS = YES_ERROR;
				CLANG_WARN_RANGE_LOOP_ANALYSIS = YES;
				CLANG_WARN_STRICT_PROTOTYPES = YES;
				CLANG_WARN_SUSPICIOUS_MOVE = YES;
				CLANG_WARN_UNGUARDED_AVAILABILITY = YES_AGGRESSIVE;
				CLANG_WARN_UNREACHABLE_CODE = YES;
				CLANG_WARN__DUPLICATE_METHOD_MATCH = YES;
				CODE_SIGN_IDENTITY = "iPhone Developer";
				COPY_PHASE_STRIP = NO;
				DEBUG_INFORMATION_FORMAT = "dwarf-with-dsym";
				ENABLE_NS_ASSERTIONS = NO;
				ENABLE_STRICT_OBJC_MSGSEND = YES;
				GCC_C_LANGUAGE_STANDARD = gnu11;
				GCC_NO_COMMON_BLOCKS = YES;
				GCC_WARN_64_TO_32_BIT_CONVERSION = YES;
				GCC_WARN_ABOUT_RETURN_TYPE = YES_ERROR;
				GCC_WARN_UNDECLARED_SELECTOR = YES;
				GCC_WARN_UNINITIALIZED_AUTOS = YES_AGGRESSIVE;
				GCC_WARN_UNUSED_FUNCTION = YES;
				GCC_WARN_UNUSED_VARIABLE = YES;
				IPHONEOS_DEPLOYMENT_TARGET = 12.1;
				MTL_ENABLE_DEBUG_INFO = NO;
				MTL_FAST_MATH = YES;
				SDKROOT = iphoneos;
				SWIFT_COMPILATION_MODE = wholemodule;
				SWIFT_OPTIMIZATION_LEVEL = "-O";
				VALIDATE_PRODUCT = YES;
			};
			name = Release;
		};
		F2B1F74A222284B700CBEA40 /* Debug */ = {
			isa = XCBuildConfiguration;
			baseConfigurationReference = B9AC35523AD33718DC5ED1ED /* Pods-FujiFilm.debug.xcconfig */;
			buildSettings = {
				ASSETCATALOG_COMPILER_APPICON_NAME = AppIcon;
				CODE_SIGN_IDENTITY = "iPhone Distribution";
				CODE_SIGN_STYLE = Manual;
				DEVELOPMENT_TEAM = A7CB3M55R3;
				INFOPLIST_FILE = FujiFilm/Info.plist;
				IPHONEOS_DEPLOYMENT_TARGET = 10.0;
				LD_RUNPATH_SEARCH_PATHS = (
					"$(inherited)",
					"@executable_path/Frameworks",
				);
				PRODUCT_BUNDLE_IDENTIFIER = com.fujimea.team;
				PRODUCT_NAME = "$(TARGET_NAME)";
				PROVISIONING_PROFILE_SPECIFIER = FujifilmXmeaTeam;
				SWIFT_VERSION = 4.2;
				TARGETED_DEVICE_FAMILY = 1;
			};
			name = Debug;
		};
		F2B1F74B222284B700CBEA40 /* Release */ = {
			isa = XCBuildConfiguration;
			baseConfigurationReference = BE451DCF4657DD3DFFE8386D /* Pods-FujiFilm.release.xcconfig */;
			buildSettings = {
				ASSETCATALOG_COMPILER_APPICON_NAME = AppIcon;
				CODE_SIGN_IDENTITY = "iPhone Distribution";
				CODE_SIGN_STYLE = Manual;
				DEVELOPMENT_TEAM = A7CB3M55R3;
				INFOPLIST_FILE = FujiFilm/Info.plist;
				IPHONEOS_DEPLOYMENT_TARGET = 10.0;
				LD_RUNPATH_SEARCH_PATHS = (
					"$(inherited)",
					"@executable_path/Frameworks",
				);
				PRODUCT_BUNDLE_IDENTIFIER = com.fujimea.team;
				PRODUCT_NAME = "$(TARGET_NAME)";
				PROVISIONING_PROFILE_SPECIFIER = FujifilmXmeaTeam;
				SWIFT_VERSION = 4.2;
				TARGETED_DEVICE_FAMILY = 1;
			};
			name = Release;
		};
/* End XCBuildConfiguration section */

/* Begin XCConfigurationList section */
		F2B1F732222284B500CBEA40 /* Build configuration list for PBXProject "FujiFilm" */ = {
			isa = XCConfigurationList;
			buildConfigurations = (
				F2B1F747222284B700CBEA40 /* Debug */,
				F2B1F748222284B700CBEA40 /* Release */,
			);
			defaultConfigurationIsVisible = 0;
			defaultConfigurationName = Release;
		};
		F2B1F749222284B700CBEA40 /* Build configuration list for PBXNativeTarget "FujiFilm" */ = {
			isa = XCConfigurationList;
			buildConfigurations = (
				F2B1F74A222284B700CBEA40 /* Debug */,
				F2B1F74B222284B700CBEA40 /* Release */,
			);
			defaultConfigurationIsVisible = 0;
			defaultConfigurationName = Release;
		};
/* End XCConfigurationList section */
	};
	rootObject = F2B1F72F222284B500CBEA40 /* Project object */;
}
